{
  "object": {
    "pins": [
      {
        "package": "Get",
        "repositoryURL": "https://github.com/kean/Get",
        "state": {
          "branch": "main",
          "revision": "afe1abfb9954ba67554d71633bce9c21714f9c4e",
          "version": null
        }
      },
      {
        "package": "HTTPHeaders",
        "repositoryURL": "https://github.com/kean/HTTPHeaders",
        "state": {
          "branch": "main",
          "revision": "75866fb451442fac6deeaeae140958dc8ea94c91",
          "version": null
        }
      },
      {
        "package": "NaiveDate",
        "repositoryURL": "https://github.com/kean/NaiveDate",
        "state": {
          "branch": "master",
          "revision": "e0810b3364ad3ac040bcf3ac7e5a21fec6a9d615",
          "version": null
        }
      },
      {
        "package": "URLQueryEncoder",
        "repositoryURL": "https://github.com/kean/URLQueryEncoder",
        "state": {
          "branch": "main",
          "revision": "4cc975d4d075d0e62699a796a08284e217d4ee93",
          "version": null
        }
      }
    ]
  },
  "version": 1
}
