{
  "object": {
    "pins": [
      {
        "package": "Get",
        "repositoryURL": "https://github.com/CreateAPI/Get",
        "state": {
          "branch": null,
          "revision": "be3879cb580c141b6d4cbb80fba18c7b5028c552",
          "version": "0.6.0"
        }
      },
      {
        "package": "HTTPHeaders",
        "repositoryURL": "https://github.com/CreateAPI/HTTPHeaders",
        "state": {
          "branch": null,
          "revision": "edfbb55b30e0b925d5c31c7a6da39f9585007906",
          "version": "0.1.0"
        }
      },
      {
        "package": "NaiveDate",
        "repositoryURL": "https://github.com/CreateAPI/NaiveDate",
        "state": {
          "branch": null,
          "revision": "08fad5d02e9117f6cea96096c5951e445aa710b1",
          "version": "1.0.0"
        }
      },
      {
        "package": "URLQueryEncoder",
        "repositoryURL": "https://github.com/CreateAPI/URLQueryEncoder",
        "state": {
          "branch": null,
          "revision": "4cc975d4d075d0e62699a796a08284e217d4ee93",
          "version": "0.2.0"
        }
      }
    ]
  },
  "version": 1
}
