{
  "object": {
    "pins": [
      {
        "package": "FileWatcher",
        "repositoryURL": "https://github.com/eonist/FileWatcher",
        "state": {
          "branch": null,
          "revision": "e67c2a99502eade343fecabeca8c57e749a55b59",
          "version": "0.2.3"
        }
      },
      {
        "package": "Get",
        "repositoryURL": "https://github.com/kean/Get",
        "state": {
          "branch": "main",
          "revision": "e84025190a4d47f3c4535e9983ed7c75a5b2387f",
          "version": null
        }
      },
      {
        "package": "GrammaticalNumber",
        "repositoryURL": "https://github.com/Cosmo/GrammaticalNumber",
        "state": {
          "branch": null,
          "revision": "3827665bd38a0fd5f215220b26c92df876539af0",
          "version": "0.0.3"
        }
      },
      {
        "package": "HTTPHeaders",
        "repositoryURL": "https://github.com/kean/HTTPHeaders",
        "state": {
          "branch": "main",
          "revision": "0bdbd7a48041e319c1ca061d0fd2ebdcb30f02c2",
          "version": null
        }
      },
      {
        "package": "OpenAPIKit",
        "repositoryURL": "https://github.com/kean/OpenAPIKit",
        "state": {
          "branch": "create-api",
          "revision": "6bc250fe274aaaec6b5dd700a9197d5b5c80b6b3",
          "version": null
        }
      },
      {
        "package": "swift-argument-parser",
        "repositoryURL": "https://github.com/apple/swift-argument-parser",
        "state": {
          "branch": null,
          "revision": "6b2aa2748a7881eebb9f84fb10c01293e15b52ca",
          "version": "0.5.0"
        }
      },
      {
        "package": "Yams",
        "repositoryURL": "https://github.com/kean/Yams.git",
        "state": {
          "branch": "main",
          "revision": "3357d51e5621e3ccfba1acbf9d7b5d0e1cfa59f8",
          "version": null
        }
      }
    ]
  },
  "version": 1
}
