{
  "object": {
    "pins": [
      {
        "package": "FileWatcher",
        "repositoryURL": "https://github.com/eonist/FileWatcher",
        "state": {
          "branch": null,
          "revision": "e67c2a99502eade343fecabeca8c57e749a55b59",
          "version": "0.2.3"
        }
      },
      {
        "package": "GrammaticalNumber",
        "repositoryURL": "https://github.com/Cosmo/GrammaticalNumber",
        "state": {
          "branch": null,
          "revision": "3827665bd38a0fd5f215220b26c92df876539af0",
          "version": "0.0.3"
        }
      },
      {
        "package": "OpenAPIKit",
        "repositoryURL": "https://github.com/kean/OpenAPIKit",
        "state": {
          "branch": "release/3_0",
          "revision": "026b0f5bd7fcd86be4d49a2e451cfcb2f3e05ce0",
          "version": null
        }
      },
      {
        "package": "swift-argument-parser",
        "repositoryURL": "https://github.com/apple/swift-argument-parser",
        "state": {
          "branch": null,
          "revision": "6b2aa2748a7881eebb9f84fb10c01293e15b52ca",
          "version": "0.5.0"
        }
      },
      {
        "package": "Yams",
        "repositoryURL": "https://github.com/jpsim/Yams.git",
        "state": {
          "branch": null,
          "revision": "9ff1cc9327586db4e0c8f46f064b6a82ec1566fa",
          "version": "4.0.6"
        }
      }
    ]
  },
  "version": 1
}
