// !$*UTF8*$!
{
	archiveVersion = 1;
	classes = {
	};
	objectVersion = 55;
	objects = {

/* Begin PBXBuildFile section */
		0CEB957F2780E15C002E02C0 /* Entities.swift in Sources */ = {isa = PBXBuildFile; fileRef = 0CEB95622780E15B002E02C0 /* Entities.swift */; };
		0CEB95802780E15C002E02C0 /* Paths.swift in Sources */ = {isa = PBXBuildFile; fileRef = 0CEB95632780E15B002E02C0 /* Paths.swift */; };
		0CEB95812780E15C002E02C0 /* petstore-disable-comments in Resources */ = {isa = PBXBuildFile; fileRef = 0CEB95642780E15B002E02C0 /* petstore-disable-comments */; };
		0CEB95822780E15C002E02C0 /* petstore-operation-id in Resources */ = {isa = PBXBuildFile; fileRef = 0CEB95652780E15B002E02C0 /* petstore-operation-id */; };
		0CEB95832780E15C002E02C0 /* petstore-split in Resources */ = {isa = PBXBuildFile; fileRef = 0CEB95662780E15B002E02C0 /* petstore-split */; };
		0CEB95842780E15C002E02C0 /* edgecases-disable-enums in Resources */ = {isa = PBXBuildFile; fileRef = 0CEB95672780E15B002E02C0 /* edgecases-disable-enums */; };
		0CEB95852780E15C002E02C0 /* test-query-parameters in Resources */ = {isa = PBXBuildFile; fileRef = 0CEB95682780E15B002E02C0 /* test-query-parameters */; };
		0CEB95862780E15C002E02C0 /* edgecases-change-access-control in Resources */ = {isa = PBXBuildFile; fileRef = 0CEB95692780E15C002E02C0 /* edgecases-change-access-control */; };
		0CEB95872780E15C002E02C0 /* petstore-single-threaded in Resources */ = {isa = PBXBuildFile; fileRef = 0CEB956A2780E15C002E02C0 /* petstore-single-threaded */; };
		0CEB95882780E15C002E02C0 /* edgecases-default in Resources */ = {isa = PBXBuildFile; fileRef = 0CEB956B2780E15C002E02C0 /* edgecases-default */; };
		0CEB95892780E15C002E02C0 /* petstore-generate-classes in Resources */ = {isa = PBXBuildFile; fileRef = 0CEB956C2780E15C002E02C0 /* petstore-generate-classes */; };
		0CEB958A2780E15C002E02C0 /* petstore-custom-imports in Resources */ = {isa = PBXBuildFile; fileRef = 0CEB956D2780E15C002E02C0 /* petstore-custom-imports */; };
		0CEB958B2780E15C002E02C0 /* edgecases-rename in Resources */ = {isa = PBXBuildFile; fileRef = 0CEB956E2780E15C002E02C0 /* edgecases-rename */; };
		0CEB958C2780E15C002E02C0 /* petstore-change-filename in Resources */ = {isa = PBXBuildFile; fileRef = 0CEB956F2780E15C002E02C0 /* petstore-change-filename */; };
		0CEB958D2780E15C002E02C0 /* OctoKit in Resources */ = {isa = PBXBuildFile; fileRef = 0CEB95702780E15C002E02C0 /* OctoKit */; };
		0CEB958E2780E15C002E02C0 /* petstore-some-entities-as-structs in Resources */ = {isa = PBXBuildFile; fileRef = 0CEB95712780E15C002E02C0 /* petstore-some-entities-as-structs */; };
		0CEB958F2780E15C002E02C0 /* petstore-disable-inlining in Resources */ = {isa = PBXBuildFile; fileRef = 0CEB95722780E15C002E02C0 /* petstore-disable-inlining */; };
		0CEB95902780E15C002E02C0 /* petstore-default in Resources */ = {isa = PBXBuildFile; fileRef = 0CEB95732780E15C002E02C0 /* petstore-default */; };
		0CEB95912780E15C002E02C0 /* edgecases-tabs in Resources */ = {isa = PBXBuildFile; fileRef = 0CEB95742780E15C002E02C0 /* edgecases-tabs */; };
		0CEB95922780E15C002E02C0 /* edgecases-int32-int64 in Resources */ = {isa = PBXBuildFile; fileRef = 0CEB95752780E15C002E02C0 /* edgecases-int32-int64 */; };
		0CEB95932780E15C002E02C0 /* petstore-disable-init-with-coder in Resources */ = {isa = PBXBuildFile; fileRef = 0CEB95762780E15C002E02C0 /* petstore-disable-init-with-coder */; };
		0CEB95942780E15C002E02C0 /* petstore-only-schemas in Resources */ = {isa = PBXBuildFile; fileRef = 0CEB95772780E15C002E02C0 /* petstore-only-schemas */; };
		0CEB95952780E15C002E02C0 /* edgecases-yaml-config in Resources */ = {isa = PBXBuildFile; fileRef = 0CEB95782780E15C002E02C0 /* edgecases-yaml-config */; };
		0CEB95962780E15C002E02C0 /* edgecases-disable-acronyms in Resources */ = {isa = PBXBuildFile; fileRef = 0CEB95792780E15C002E02C0 /* edgecases-disable-acronyms */; };
		0CEB95972780E15C002E02C0 /* edgecases-coding-keys in Resources */ = {isa = PBXBuildFile; fileRef = 0CEB957A2780E15C002E02C0 /* edgecases-coding-keys */; };
		0CEB95982780E15C002E02C0 /* edgecases-rename-properties in Resources */ = {isa = PBXBuildFile; fileRef = 0CEB957B2780E15C002E02C0 /* edgecases-rename-properties */; };
		0CEB95992780E15C002E02C0 /* edgecases-indent-with-two-width-spaces in Resources */ = {isa = PBXBuildFile; fileRef = 0CEB957C2780E15C002E02C0 /* edgecases-indent-with-two-width-spaces */; };
		0CEB959A2780E15C002E02C0 /* petstore-base-class in Resources */ = {isa = PBXBuildFile; fileRef = 0CEB957D2780E15C002E02C0 /* petstore-base-class */; };
		0CEB959B2780E15C002E02C0 /* petstore-some-entities-as-classes in Resources */ = {isa = PBXBuildFile; fileRef = 0CEB957E2780E15C002E02C0 /* petstore-some-entities-as-classes */; };
		0CEB959D2780E163002E02C0 /* edgecases-change-access-control in Frameworks */ = {isa = PBXBuildFile; productRef = 0CEB959C2780E163002E02C0 /* edgecases-change-access-control */; };
		0CEB959F2780E163002E02C0 /* edgecases-coding-keys in Frameworks */ = {isa = PBXBuildFile; productRef = 0CEB959E2780E163002E02C0 /* edgecases-coding-keys */; };
		0CEB95A12780E163002E02C0 /* edgecases-default in Frameworks */ = {isa = PBXBuildFile; productRef = 0CEB95A02780E163002E02C0 /* edgecases-default */; };
		0CEB95A32780E163002E02C0 /* edgecases-disable-acronyms in Frameworks */ = {isa = PBXBuildFile; productRef = 0CEB95A22780E163002E02C0 /* edgecases-disable-acronyms */; };
		0CEB95A52780E163002E02C0 /* edgecases-disable-enums in Frameworks */ = {isa = PBXBuildFile; productRef = 0CEB95A42780E163002E02C0 /* edgecases-disable-enums */; };
		0CEB95A72780E163002E02C0 /* edgecases-indent-with-two-width-spaces in Frameworks */ = {isa = PBXBuildFile; productRef = 0CEB95A62780E163002E02C0 /* edgecases-indent-with-two-width-spaces */; };
		0CEB95A92780E163002E02C0 /* edgecases-int32-int64 in Frameworks */ = {isa = PBXBuildFile; productRef = 0CEB95A82780E163002E02C0 /* edgecases-int32-int64 */; };
		0CEB95AB2780E163002E02C0 /* edgecases-rename in Frameworks */ = {isa = PBXBuildFile; productRef = 0CEB95AA2780E163002E02C0 /* edgecases-rename */; };
		0CEB95AD2780E163002E02C0 /* edgecases-rename-properties in Frameworks */ = {isa = PBXBuildFile; productRef = 0CEB95AC2780E163002E02C0 /* edgecases-rename-properties */; };
		0CEB95AF2780E163002E02C0 /* edgecases-tabs in Frameworks */ = {isa = PBXBuildFile; productRef = 0CEB95AE2780E163002E02C0 /* edgecases-tabs */; };
		0CEB95B12780E163002E02C0 /* edgecases-yaml-config in Frameworks */ = {isa = PBXBuildFile; productRef = 0CEB95B02780E163002E02C0 /* edgecases-yaml-config */; };
		0CEB95B32780E163002E02C0 /* OctoKit in Frameworks */ = {isa = PBXBuildFile; productRef = 0CEB95B22780E163002E02C0 /* OctoKit */; };
		0CEB95B52780E163002E02C0 /* petstore-base-class in Frameworks */ = {isa = PBXBuildFile; productRef = 0CEB95B42780E163002E02C0 /* petstore-base-class */; };
		0CEB95B72780E163002E02C0 /* petstore-change-filename in Frameworks */ = {isa = PBXBuildFile; productRef = 0CEB95B62780E163002E02C0 /* petstore-change-filename */; };
		0CEB95B92780E163002E02C0 /* petstore-custom-imports in Frameworks */ = {isa = PBXBuildFile; productRef = 0CEB95B82780E163002E02C0 /* petstore-custom-imports */; };
		0CEB95BB2780E163002E02C0 /* petstore-default in Frameworks */ = {isa = PBXBuildFile; productRef = 0CEB95BA2780E163002E02C0 /* petstore-default */; };
		0CEB95BD2780E163002E02C0 /* petstore-disable-comments in Frameworks */ = {isa = PBXBuildFile; productRef = 0CEB95BC2780E163002E02C0 /* petstore-disable-comments */; };
		0CEB95BF2780E163002E02C0 /* petstore-disable-init-with-coder in Frameworks */ = {isa = PBXBuildFile; productRef = 0CEB95BE2780E163002E02C0 /* petstore-disable-init-with-coder */; };
		0CEB95C12780E163002E02C0 /* petstore-disable-inlining in Frameworks */ = {isa = PBXBuildFile; productRef = 0CEB95C02780E163002E02C0 /* petstore-disable-inlining */; };
		0CEB95C32780E163002E02C0 /* petstore-generate-classes in Frameworks */ = {isa = PBXBuildFile; productRef = 0CEB95C22780E163002E02C0 /* petstore-generate-classes */; };
		0CEB95C52780E163002E02C0 /* petstore-only-schemas in Frameworks */ = {isa = PBXBuildFile; productRef = 0CEB95C42780E163002E02C0 /* petstore-only-schemas */; };
		0CEB95C72780E163002E02C0 /* petstore-operation-id in Frameworks */ = {isa = PBXBuildFile; productRef = 0CEB95C62780E163002E02C0 /* petstore-operation-id */; };
		0CEB95C92780E163002E02C0 /* petstore-single-threaded in Frameworks */ = {isa = PBXBuildFile; productRef = 0CEB95C82780E163002E02C0 /* petstore-single-threaded */; };
		0CEB95CB2780E163002E02C0 /* petstore-some-entities-as-classes in Frameworks */ = {isa = PBXBuildFile; productRef = 0CEB95CA2780E163002E02C0 /* petstore-some-entities-as-classes */; };
		0CEB95CD2780E163002E02C0 /* petstore-some-entities-as-structs in Frameworks */ = {isa = PBXBuildFile; productRef = 0CEB95CC2780E163002E02C0 /* petstore-some-entities-as-structs */; };
		0CEB95CF2780E163002E02C0 /* petstore-split in Frameworks */ = {isa = PBXBuildFile; productRef = 0CEB95CE2780E163002E02C0 /* petstore-split */; };
		0CEB95D12780E163002E02C0 /* test-query-parameters in Frameworks */ = {isa = PBXBuildFile; productRef = 0CEB95D02780E163002E02C0 /* test-query-parameters */; };
/* End PBXBuildFile section */

/* Begin PBXFileReference section */
		0C612E602777B55A008D32A4 /* GeneratedPackages.framework */ = {isa = PBXFileReference; explicitFileType = wrapper.framework; includeInIndex = 0; path = GeneratedPackages.framework; sourceTree = BUILT_PRODUCTS_DIR; };
		0CEB95622780E15B002E02C0 /* Entities.swift */ = {isa = PBXFileReference; fileEncoding = 4; lastKnownFileType = sourcecode.swift; path = Entities.swift; sourceTree = "<group>"; };
		0CEB95632780E15B002E02C0 /* Paths.swift */ = {isa = PBXFileReference; fileEncoding = 4; lastKnownFileType = sourcecode.swift; path = Paths.swift; sourceTree = "<group>"; };
		0CEB95642780E15B002E02C0 /* petstore-disable-comments */ = {isa = PBXFileReference; lastKnownFileType = wrapper; name = "petstore-disable-comments"; path = "CreateAPITests/Expected/petstore-disable-comments"; sourceTree = "<group>"; };
		0CEB95652780E15B002E02C0 /* petstore-operation-id */ = {isa = PBXFileReference; lastKnownFileType = wrapper; name = "petstore-operation-id"; path = "CreateAPITests/Expected/petstore-operation-id"; sourceTree = "<group>"; };
		0CEB95662780E15B002E02C0 /* petstore-split */ = {isa = PBXFileReference; lastKnownFileType = wrapper; name = "petstore-split"; path = "CreateAPITests/Expected/petstore-split"; sourceTree = "<group>"; };
		0CEB95672780E15B002E02C0 /* edgecases-disable-enums */ = {isa = PBXFileReference; lastKnownFileType = wrapper; name = "edgecases-disable-enums"; path = "CreateAPITests/Expected/edgecases-disable-enums"; sourceTree = "<group>"; };
		0CEB95682780E15B002E02C0 /* test-query-parameters */ = {isa = PBXFileReference; lastKnownFileType = wrapper; name = "test-query-parameters"; path = "CreateAPITests/Expected/test-query-parameters"; sourceTree = "<group>"; };
		0CEB95692780E15C002E02C0 /* edgecases-change-access-control */ = {isa = PBXFileReference; lastKnownFileType = wrapper; name = "edgecases-change-access-control"; path = "CreateAPITests/Expected/edgecases-change-access-control"; sourceTree = "<group>"; };
		0CEB956A2780E15C002E02C0 /* petstore-single-threaded */ = {isa = PBXFileReference; lastKnownFileType = wrapper; name = "petstore-single-threaded"; path = "CreateAPITests/Expected/petstore-single-threaded"; sourceTree = "<group>"; };
		0CEB956B2780E15C002E02C0 /* edgecases-default */ = {isa = PBXFileReference; lastKnownFileType = wrapper; name = "edgecases-default"; path = "CreateAPITests/Expected/edgecases-default"; sourceTree = "<group>"; };
		0CEB956C2780E15C002E02C0 /* petstore-generate-classes */ = {isa = PBXFileReference; lastKnownFileType = wrapper; name = "petstore-generate-classes"; path = "CreateAPITests/Expected/petstore-generate-classes"; sourceTree = "<group>"; };
		0CEB956D2780E15C002E02C0 /* petstore-custom-imports */ = {isa = PBXFileReference; lastKnownFileType = wrapper; name = "petstore-custom-imports"; path = "CreateAPITests/Expected/petstore-custom-imports"; sourceTree = "<group>"; };
		0CEB956E2780E15C002E02C0 /* edgecases-rename */ = {isa = PBXFileReference; lastKnownFileType = wrapper; name = "edgecases-rename"; path = "CreateAPITests/Expected/edgecases-rename"; sourceTree = "<group>"; };
		0CEB956F2780E15C002E02C0 /* petstore-change-filename */ = {isa = PBXFileReference; lastKnownFileType = wrapper; name = "petstore-change-filename"; path = "CreateAPITests/Expected/petstore-change-filename"; sourceTree = "<group>"; };
		0CEB95702780E15C002E02C0 /* OctoKit */ = {isa = PBXFileReference; lastKnownFileType = wrapper; name = OctoKit; path = CreateAPITests/Expected/OctoKit; sourceTree = "<group>"; };
		0CEB95712780E15C002E02C0 /* petstore-some-entities-as-structs */ = {isa = PBXFileReference; lastKnownFileType = wrapper; name = "petstore-some-entities-as-structs"; path = "CreateAPITests/Expected/petstore-some-entities-as-structs"; sourceTree = "<group>"; };
		0CEB95722780E15C002E02C0 /* petstore-disable-inlining */ = {isa = PBXFileReference; lastKnownFileType = wrapper; name = "petstore-disable-inlining"; path = "CreateAPITests/Expected/petstore-disable-inlining"; sourceTree = "<group>"; };
		0CEB95732780E15C002E02C0 /* petstore-default */ = {isa = PBXFileReference; lastKnownFileType = wrapper; name = "petstore-default"; path = "CreateAPITests/Expected/petstore-default"; sourceTree = "<group>"; };
		0CEB95742780E15C002E02C0 /* edgecases-tabs */ = {isa = PBXFileReference; lastKnownFileType = wrapper; name = "edgecases-tabs"; path = "CreateAPITests/Expected/edgecases-tabs"; sourceTree = "<group>"; };
		0CEB95752780E15C002E02C0 /* edgecases-int32-int64 */ = {isa = PBXFileReference; lastKnownFileType = wrapper; name = "edgecases-int32-int64"; path = "CreateAPITests/Expected/edgecases-int32-int64"; sourceTree = "<group>"; };
		0CEB95762780E15C002E02C0 /* petstore-disable-init-with-coder */ = {isa = PBXFileReference; lastKnownFileType = wrapper; name = "petstore-disable-init-with-coder"; path = "CreateAPITests/Expected/petstore-disable-init-with-coder"; sourceTree = "<group>"; };
		0CEB95772780E15C002E02C0 /* petstore-only-schemas */ = {isa = PBXFileReference; lastKnownFileType = wrapper; name = "petstore-only-schemas"; path = "CreateAPITests/Expected/petstore-only-schemas"; sourceTree = "<group>"; };
		0CEB95782780E15C002E02C0 /* edgecases-yaml-config */ = {isa = PBXFileReference; lastKnownFileType = wrapper; name = "edgecases-yaml-config"; path = "CreateAPITests/Expected/edgecases-yaml-config"; sourceTree = "<group>"; };
		0CEB95792780E15C002E02C0 /* edgecases-disable-acronyms */ = {isa = PBXFileReference; lastKnownFileType = wrapper; name = "edgecases-disable-acronyms"; path = "CreateAPITests/Expected/edgecases-disable-acronyms"; sourceTree = "<group>"; };
		0CEB957A2780E15C002E02C0 /* edgecases-coding-keys */ = {isa = PBXFileReference; lastKnownFileType = wrapper; name = "edgecases-coding-keys"; path = "CreateAPITests/Expected/edgecases-coding-keys"; sourceTree = "<group>"; };
		0CEB957B2780E15C002E02C0 /* edgecases-rename-properties */ = {isa = PBXFileReference; lastKnownFileType = wrapper; name = "edgecases-rename-properties"; path = "CreateAPITests/Expected/edgecases-rename-properties"; sourceTree = "<group>"; };
		0CEB957C2780E15C002E02C0 /* edgecases-indent-with-two-width-spaces */ = {isa = PBXFileReference; lastKnownFileType = wrapper; name = "edgecases-indent-with-two-width-spaces"; path = "CreateAPITests/Expected/edgecases-indent-with-two-width-spaces"; sourceTree = "<group>"; };
		0CEB957D2780E15C002E02C0 /* petstore-base-class */ = {isa = PBXFileReference; lastKnownFileType = wrapper; name = "petstore-base-class"; path = "CreateAPITests/Expected/petstore-base-class"; sourceTree = "<group>"; };
		0CEB957E2780E15C002E02C0 /* petstore-some-entities-as-classes */ = {isa = PBXFileReference; lastKnownFileType = wrapper; name = "petstore-some-entities-as-classes"; path = "CreateAPITests/Expected/petstore-some-entities-as-classes"; sourceTree = "<group>"; };
/* End PBXFileReference section */

/* Begin PBXFrameworksBuildPhase section */
		0C612E5D2777B55A008D32A4 /* Frameworks */ = {
			isa = PBXFrameworksBuildPhase;
			buildActionMask = 2147483647;
			files = (
				0CEB95B32780E163002E02C0 /* OctoKit in Frameworks */,
				0CEB95B52780E163002E02C0 /* petstore-base-class in Frameworks */,
				0CEB95BF2780E163002E02C0 /* petstore-disable-init-with-coder in Frameworks */,
				0CEB95CF2780E163002E02C0 /* petstore-split in Frameworks */,
				0CEB95A52780E163002E02C0 /* edgecases-disable-enums in Frameworks */,
				0CEB95B12780E163002E02C0 /* edgecases-yaml-config in Frameworks */,
				0CEB95C52780E163002E02C0 /* petstore-only-schemas in Frameworks */,
				0CEB95AB2780E163002E02C0 /* edgecases-rename in Frameworks */,
				0CEB95A32780E163002E02C0 /* edgecases-disable-acronyms in Frameworks */,
				0CEB95A72780E163002E02C0 /* edgecases-indent-with-two-width-spaces in Frameworks */,
				0CEB95AD2780E163002E02C0 /* edgecases-rename-properties in Frameworks */,
				0CEB95CB2780E163002E02C0 /* petstore-some-entities-as-classes in Frameworks */,
				0CEB95BB2780E163002E02C0 /* petstore-default in Frameworks */,
				0CEB95C72780E163002E02C0 /* petstore-operation-id in Frameworks */,
				0CEB95AF2780E163002E02C0 /* edgecases-tabs in Frameworks */,
				0CEB95B72780E163002E02C0 /* petstore-change-filename in Frameworks */,
				0CEB95C92780E163002E02C0 /* petstore-single-threaded in Frameworks */,
				0CEB95C12780E163002E02C0 /* petstore-disable-inlining in Frameworks */,
				0CEB95D12780E163002E02C0 /* test-query-parameters in Frameworks */,
				0CEB95A12780E163002E02C0 /* edgecases-default in Frameworks */,
				0CEB95C32780E163002E02C0 /* petstore-generate-classes in Frameworks */,
				0CEB95B92780E163002E02C0 /* petstore-custom-imports in Frameworks */,
				0CEB95A92780E163002E02C0 /* edgecases-int32-int64 in Frameworks */,
				0CEB959D2780E163002E02C0 /* edgecases-change-access-control in Frameworks */,
				0CEB95CD2780E163002E02C0 /* petstore-some-entities-as-structs in Frameworks */,
				0CEB95BD2780E163002E02C0 /* petstore-disable-comments in Frameworks */,
				0CEB959F2780E163002E02C0 /* edgecases-coding-keys in Frameworks */,
			);
			runOnlyForDeploymentPostprocessing = 0;
		};
/* End PBXFrameworksBuildPhase section */

/* Begin PBXGroup section */
		0C612D6D2777AFD5008D32A4 = {
			isa = PBXGroup;
			children = (
				0CEB95692780E15C002E02C0 /* edgecases-change-access-control */,
				0CEB957A2780E15C002E02C0 /* edgecases-coding-keys */,
				0CEB956B2780E15C002E02C0 /* edgecases-default */,
				0CEB95792780E15C002E02C0 /* edgecases-disable-acronyms */,
				0CEB95672780E15B002E02C0 /* edgecases-disable-enums */,
				0CEB957C2780E15C002E02C0 /* edgecases-indent-with-two-width-spaces */,
				0CEB95752780E15C002E02C0 /* edgecases-int32-int64 */,
				0CEB956E2780E15C002E02C0 /* edgecases-rename */,
				0CEB957B2780E15C002E02C0 /* edgecases-rename-properties */,
				0CEB95742780E15C002E02C0 /* edgecases-tabs */,
				0CEB95782780E15C002E02C0 /* edgecases-yaml-config */,
				0CEB95702780E15C002E02C0 /* OctoKit */,
				0CEB957D2780E15C002E02C0 /* petstore-base-class */,
				0CEB956F2780E15C002E02C0 /* petstore-change-filename */,
				0CEB956D2780E15C002E02C0 /* petstore-custom-imports */,
				0CEB95732780E15C002E02C0 /* petstore-default */,
				0CEB95642780E15B002E02C0 /* petstore-disable-comments */,
				0CEB95762780E15C002E02C0 /* petstore-disable-init-with-coder */,
				0CEB95722780E15C002E02C0 /* petstore-disable-inlining */,
				0CEB956C2780E15C002E02C0 /* petstore-generate-classes */,
				0CEB95612780E15B002E02C0 /* petstore-no-package */,
				0CEB95772780E15C002E02C0 /* petstore-only-schemas */,
				0CEB95652780E15B002E02C0 /* petstore-operation-id */,
				0CEB956A2780E15C002E02C0 /* petstore-single-threaded */,
				0CEB957E2780E15C002E02C0 /* petstore-some-entities-as-classes */,
				0CEB95712780E15C002E02C0 /* petstore-some-entities-as-structs */,
				0CEB95662780E15B002E02C0 /* petstore-split */,
				0CEB95682780E15B002E02C0 /* test-query-parameters */,
				0C612DB82777B098008D32A4 /* Products */,
				0C612DEA2777B0AC008D32A4 /* Frameworks */,
			);
			sourceTree = "<group>";
		};
		0C612DB82777B098008D32A4 /* Products */ = {
			isa = PBXGroup;
			children = (
				0C612E602777B55A008D32A4 /* GeneratedPackages.framework */,
			);
			name = Products;
			sourceTree = "<group>";
		};
		0C612DEA2777B0AC008D32A4 /* Frameworks */ = {
			isa = PBXGroup;
			children = (
			);
			name = Frameworks;
			sourceTree = "<group>";
		};
		0CEB95612780E15B002E02C0 /* petstore-no-package */ = {
			isa = PBXGroup;
			children = (
				0CEB95622780E15B002E02C0 /* Entities.swift */,
				0CEB95632780E15B002E02C0 /* Paths.swift */,
			);
			name = "petstore-no-package";
			path = "CreateAPITests/Expected/petstore-no-package";
			sourceTree = "<group>";
		};
/* End PBXGroup section */

/* Begin PBXHeadersBuildPhase section */
		0C612E5B2777B55A008D32A4 /* Headers */ = {
			isa = PBXHeadersBuildPhase;
			buildActionMask = 2147483647;
			files = (
			);
			runOnlyForDeploymentPostprocessing = 0;
		};
/* End PBXHeadersBuildPhase section */

/* Begin PBXNativeTarget section */
		0C612E5F2777B55A008D32A4 /* GeneratedPackages */ = {
			isa = PBXNativeTarget;
			buildConfigurationList = 0C612E642777B55A008D32A4 /* Build configuration list for PBXNativeTarget "GeneratedPackages" */;
			buildPhases = (
				0C612E5B2777B55A008D32A4 /* Headers */,
				0C612E5C2777B55A008D32A4 /* Sources */,
				0C612E5D2777B55A008D32A4 /* Frameworks */,
				0C612E5E2777B55A008D32A4 /* Resources */,
			);
			buildRules = (
			);
			dependencies = (
			);
			name = GeneratedPackages;
			packageProductDependencies = (
				0CEB959C2780E163002E02C0 /* edgecases-change-access-control */,
				0CEB959E2780E163002E02C0 /* edgecases-coding-keys */,
				0CEB95A02780E163002E02C0 /* edgecases-default */,
				0CEB95A22780E163002E02C0 /* edgecases-disable-acronyms */,
				0CEB95A42780E163002E02C0 /* edgecases-disable-enums */,
				0CEB95A62780E163002E02C0 /* edgecases-indent-with-two-width-spaces */,
				0CEB95A82780E163002E02C0 /* edgecases-int32-int64 */,
				0CEB95AA2780E163002E02C0 /* edgecases-rename */,
				0CEB95AC2780E163002E02C0 /* edgecases-rename-properties */,
				0CEB95AE2780E163002E02C0 /* edgecases-tabs */,
				0CEB95B02780E163002E02C0 /* edgecases-yaml-config */,
				0CEB95B22780E163002E02C0 /* OctoKit */,
				0CEB95B42780E163002E02C0 /* petstore-base-class */,
				0CEB95B62780E163002E02C0 /* petstore-change-filename */,
				0CEB95B82780E163002E02C0 /* petstore-custom-imports */,
				0CEB95BA2780E163002E02C0 /* petstore-default */,
				0CEB95BC2780E163002E02C0 /* petstore-disable-comments */,
				0CEB95BE2780E163002E02C0 /* petstore-disable-init-with-coder */,
				0CEB95C02780E163002E02C0 /* petstore-disable-inlining */,
				0CEB95C22780E163002E02C0 /* petstore-generate-classes */,
				0CEB95C42780E163002E02C0 /* petstore-only-schemas */,
				0CEB95C62780E163002E02C0 /* petstore-operation-id */,
				0CEB95C82780E163002E02C0 /* petstore-single-threaded */,
				0CEB95CA2780E163002E02C0 /* petstore-some-entities-as-classes */,
				0CEB95CC2780E163002E02C0 /* petstore-some-entities-as-structs */,
				0CEB95CE2780E163002E02C0 /* petstore-split */,
				0CEB95D02780E163002E02C0 /* test-query-parameters */,
			);
			productName = GeneratedPackages;
			productReference = 0C612E602777B55A008D32A4 /* GeneratedPackages.framework */;
			productType = "com.apple.product-type.framework";
		};
/* End PBXNativeTarget section */

/* Begin PBXProject section */
		0C612D6E2777AFD5008D32A4 /* Project object */ = {
			isa = PBXProject;
			attributes = {
				BuildIndependentTargetsInParallel = 1;
				LastSwiftUpdateCheck = 1320;
				LastUpgradeCheck = 1320;
				TargetAttributes = {
					0C612E5F2777B55A008D32A4 = {
						CreatedOnToolsVersion = 13.2;
					};
				};
			};
			buildConfigurationList = 0C612D712777AFD5008D32A4 /* Build configuration list for PBXProject "GeneratedPackages" */;
			compatibilityVersion = "Xcode 13.0";
			developmentRegion = en;
			hasScannedForEncodings = 0;
			knownRegions = (
				en,
				Base,
			);
			mainGroup = 0C612D6D2777AFD5008D32A4;
			productRefGroup = 0C612DB82777B098008D32A4 /* Products */;
			projectDirPath = "";
			projectRoot = "";
			targets = (
				0C612E5F2777B55A008D32A4 /* GeneratedPackages */,
			);
		};
/* End PBXProject section */

/* Begin PBXResourcesBuildPhase section */
		0C612E5E2777B55A008D32A4 /* Resources */ = {
			isa = PBXResourcesBuildPhase;
			buildActionMask = 2147483647;
			files = (
				0CEB95992780E15C002E02C0 /* edgecases-indent-with-two-width-spaces in Resources */,
				0CEB95812780E15C002E02C0 /* petstore-disable-comments in Resources */,
				0CEB95842780E15C002E02C0 /* edgecases-disable-enums in Resources */,
				0CEB95952780E15C002E02C0 /* edgecases-yaml-config in Resources */,
				0CEB95972780E15C002E02C0 /* edgecases-coding-keys in Resources */,
				0CEB95852780E15C002E02C0 /* test-query-parameters in Resources */,
				0CEB95872780E15C002E02C0 /* petstore-single-threaded in Resources */,
				0CEB95822780E15C002E02C0 /* petstore-operation-id in Resources */,
				0CEB958D2780E15C002E02C0 /* OctoKit in Resources */,
				0CEB95912780E15C002E02C0 /* edgecases-tabs in Resources */,
				0CEB95962780E15C002E02C0 /* edgecases-disable-acronyms in Resources */,
				0CEB95942780E15C002E02C0 /* petstore-only-schemas in Resources */,
				0CEB95832780E15C002E02C0 /* petstore-split in Resources */,
				0CEB958B2780E15C002E02C0 /* edgecases-rename in Resources */,
				0CEB959A2780E15C002E02C0 /* petstore-base-class in Resources */,
				0CEB95902780E15C002E02C0 /* petstore-default in Resources */,
				0CEB958E2780E15C002E02C0 /* petstore-some-entities-as-structs in Resources */,
				0CEB958C2780E15C002E02C0 /* petstore-change-filename in Resources */,
				0CEB95922780E15C002E02C0 /* edgecases-int32-int64 in Resources */,
				0CEB958A2780E15C002E02C0 /* petstore-custom-imports in Resources */,
				0CEB95862780E15C002E02C0 /* edgecases-change-access-control in Resources */,
				0CEB95932780E15C002E02C0 /* petstore-disable-init-with-coder in Resources */,
				0CEB95892780E15C002E02C0 /* petstore-generate-classes in Resources */,
				0CEB958F2780E15C002E02C0 /* petstore-disable-inlining in Resources */,
				0CEB95982780E15C002E02C0 /* edgecases-rename-properties in Resources */,
				0CEB959B2780E15C002E02C0 /* petstore-some-entities-as-classes in Resources */,
				0CEB95882780E15C002E02C0 /* edgecases-default in Resources */,
			);
			runOnlyForDeploymentPostprocessing = 0;
		};
/* End PBXResourcesBuildPhase section */

/* Begin PBXSourcesBuildPhase section */
		0C612E5C2777B55A008D32A4 /* Sources */ = {
			isa = PBXSourcesBuildPhase;
			buildActionMask = 2147483647;
			files = (
				0CEB95802780E15C002E02C0 /* Paths.swift in Sources */,
				0CEB957F2780E15C002E02C0 /* Entities.swift in Sources */,
			);
			runOnlyForDeploymentPostprocessing = 0;
		};
/* End PBXSourcesBuildPhase section */

/* Begin XCBuildConfiguration section */
		0C612D722777AFD5008D32A4 /* Debug */ = {
			isa = XCBuildConfiguration;
			buildSettings = {
			};
			name = Debug;
		};
		0C612D732777AFD5008D32A4 /* Release */ = {
			isa = XCBuildConfiguration;
			buildSettings = {
			};
			name = Release;
		};
		0C612E652777B55A008D32A4 /* Debug */ = {
			isa = XCBuildConfiguration;
			buildSettings = {
				ALWAYS_SEARCH_USER_PATHS = NO;
				CLANG_ANALYZER_NONNULL = YES;
				CLANG_ANALYZER_NUMBER_OBJECT_CONVERSION = YES_AGGRESSIVE;
				CLANG_CXX_LANGUAGE_STANDARD = "gnu++17";
				CLANG_CXX_LIBRARY = "libc++";
				CLANG_ENABLE_MODULES = YES;
				CLANG_ENABLE_OBJC_ARC = YES;
				CLANG_ENABLE_OBJC_WEAK = YES;
				CLANG_WARN_BLOCK_CAPTURE_AUTORELEASING = YES;
				CLANG_WARN_BOOL_CONVERSION = YES;
				CLANG_WARN_COMMA = YES;
				CLANG_WARN_CONSTANT_CONVERSION = YES;
				CLANG_WARN_DEPRECATED_OBJC_IMPLEMENTATIONS = YES;
				CLANG_WARN_DIRECT_OBJC_ISA_USAGE = YES_ERROR;
				CLANG_WARN_DOCUMENTATION_COMMENTS = YES;
				CLANG_WARN_EMPTY_BODY = YES;
				CLANG_WARN_ENUM_CONVERSION = YES;
				CLANG_WARN_INFINITE_RECURSION = YES;
				CLANG_WARN_INT_CONVERSION = YES;
				CLANG_WARN_NON_LITERAL_NULL_CONVERSION = YES;
				CLANG_WARN_OBJC_IMPLICIT_RETAIN_SELF = YES;
				CLANG_WARN_OBJC_LITERAL_CONVERSION = YES;
				CLANG_WARN_OBJC_ROOT_CLASS = YES_ERROR;
				CLANG_WARN_QUOTED_INCLUDE_IN_FRAMEWORK_HEADER = YES;
				CLANG_WARN_RANGE_LOOP_ANALYSIS = YES;
				CLANG_WARN_STRICT_PROTOTYPES = YES;
				CLANG_WARN_SUSPICIOUS_MOVE = YES;
				CLANG_WARN_UNGUARDED_AVAILABILITY = YES_AGGRESSIVE;
				CLANG_WARN_UNREACHABLE_CODE = YES;
				CLANG_WARN__DUPLICATE_METHOD_MATCH = YES;
				CODE_SIGN_STYLE = Automatic;
				COPY_PHASE_STRIP = NO;
				CURRENT_PROJECT_VERSION = 1;
				DEBUG_INFORMATION_FORMAT = dwarf;
				DEFINES_MODULE = YES;
				DEVELOPMENT_TEAM = NR8DLKJ7E6;
				DYLIB_COMPATIBILITY_VERSION = 1;
				DYLIB_CURRENT_VERSION = 1;
				DYLIB_INSTALL_NAME_BASE = "@rpath";
				ENABLE_STRICT_OBJC_MSGSEND = YES;
				ENABLE_TESTABILITY = YES;
				GCC_C_LANGUAGE_STANDARD = gnu11;
				GCC_DYNAMIC_NO_PIC = NO;
				GCC_NO_COMMON_BLOCKS = YES;
				GCC_OPTIMIZATION_LEVEL = 0;
				GCC_PREPROCESSOR_DEFINITIONS = (
					"DEBUG=1",
					"$(inherited)",
				);
				GCC_WARN_64_TO_32_BIT_CONVERSION = YES;
				GCC_WARN_ABOUT_RETURN_TYPE = YES_ERROR;
				GCC_WARN_UNDECLARED_SELECTOR = YES;
				GCC_WARN_UNINITIALIZED_AUTOS = YES_AGGRESSIVE;
				GCC_WARN_UNUSED_FUNCTION = YES;
				GCC_WARN_UNUSED_VARIABLE = YES;
				GENERATE_INFOPLIST_FILE = YES;
				INFOPLIST_KEY_NSHumanReadableCopyright = "";
				INSTALL_PATH = "$(LOCAL_LIBRARY_DIR)/Frameworks";
				IPHONEOS_DEPLOYMENT_TARGET = 15.2;
				LD_RUNPATH_SEARCH_PATHS = (
					"$(inherited)",
					"@executable_path/Frameworks",
					"@loader_path/Frameworks",
				);
				MARKETING_VERSION = 1.0;
				MTL_ENABLE_DEBUG_INFO = INCLUDE_SOURCE;
				MTL_FAST_MATH = YES;
				ONLY_ACTIVE_ARCH = YES;
				PRODUCT_BUNDLE_IDENTIFIER = com.github.kean.GeneratedPackages;
				PRODUCT_NAME = "$(TARGET_NAME:c99extidentifier)";
				SDKROOT = iphoneos;
				SKIP_INSTALL = YES;
				SWIFT_ACTIVE_COMPILATION_CONDITIONS = DEBUG;
				SWIFT_EMIT_LOC_STRINGS = YES;
				SWIFT_OPTIMIZATION_LEVEL = "-Onone";
				SWIFT_VERSION = 5.0;
				TARGETED_DEVICE_FAMILY = "1,2";
				VERSIONING_SYSTEM = "apple-generic";
				VERSION_INFO_PREFIX = "";
			};
			name = Debug;
		};
		0C612E662777B55A008D32A4 /* Release */ = {
			isa = XCBuildConfiguration;
			buildSettings = {
				ALWAYS_SEARCH_USER_PATHS = NO;
				CLANG_ANALYZER_NONNULL = YES;
				CLANG_ANALYZER_NUMBER_OBJECT_CONVERSION = YES_AGGRESSIVE;
				CLANG_CXX_LANGUAGE_STANDARD = "gnu++17";
				CLANG_CXX_LIBRARY = "libc++";
				CLANG_ENABLE_MODULES = YES;
				CLANG_ENABLE_OBJC_ARC = YES;
				CLANG_ENABLE_OBJC_WEAK = YES;
				CLANG_WARN_BLOCK_CAPTURE_AUTORELEASING = YES;
				CLANG_WARN_BOOL_CONVERSION = YES;
				CLANG_WARN_COMMA = YES;
				CLANG_WARN_CONSTANT_CONVERSION = YES;
				CLANG_WARN_DEPRECATED_OBJC_IMPLEMENTATIONS = YES;
				CLANG_WARN_DIRECT_OBJC_ISA_USAGE = YES_ERROR;
				CLANG_WARN_DOCUMENTATION_COMMENTS = YES;
				CLANG_WARN_EMPTY_BODY = YES;
				CLANG_WARN_ENUM_CONVERSION = YES;
				CLANG_WARN_INFINITE_RECURSION = YES;
				CLANG_WARN_INT_CONVERSION = YES;
				CLANG_WARN_NON_LITERAL_NULL_CONVERSION = YES;
				CLANG_WARN_OBJC_IMPLICIT_RETAIN_SELF = YES;
				CLANG_WARN_OBJC_LITERAL_CONVERSION = YES;
				CLANG_WARN_OBJC_ROOT_CLASS = YES_ERROR;
				CLANG_WARN_QUOTED_INCLUDE_IN_FRAMEWORK_HEADER = YES;
				CLANG_WARN_RANGE_LOOP_ANALYSIS = YES;
				CLANG_WARN_STRICT_PROTOTYPES = YES;
				CLANG_WARN_SUSPICIOUS_MOVE = YES;
				CLANG_WARN_UNGUARDED_AVAILABILITY = YES_AGGRESSIVE;
				CLANG_WARN_UNREACHABLE_CODE = YES;
				CLANG_WARN__DUPLICATE_METHOD_MATCH = YES;
				CODE_SIGN_STYLE = Automatic;
				COPY_PHASE_STRIP = NO;
				CURRENT_PROJECT_VERSION = 1;
				DEBUG_INFORMATION_FORMAT = "dwarf-with-dsym";
				DEFINES_MODULE = YES;
				DEVELOPMENT_TEAM = NR8DLKJ7E6;
				DYLIB_COMPATIBILITY_VERSION = 1;
				DYLIB_CURRENT_VERSION = 1;
				DYLIB_INSTALL_NAME_BASE = "@rpath";
				ENABLE_NS_ASSERTIONS = NO;
				ENABLE_STRICT_OBJC_MSGSEND = YES;
				GCC_C_LANGUAGE_STANDARD = gnu11;
				GCC_NO_COMMON_BLOCKS = YES;
				GCC_WARN_64_TO_32_BIT_CONVERSION = YES;
				GCC_WARN_ABOUT_RETURN_TYPE = YES_ERROR;
				GCC_WARN_UNDECLARED_SELECTOR = YES;
				GCC_WARN_UNINITIALIZED_AUTOS = YES_AGGRESSIVE;
				GCC_WARN_UNUSED_FUNCTION = YES;
				GCC_WARN_UNUSED_VARIABLE = YES;
				GENERATE_INFOPLIST_FILE = YES;
				INFOPLIST_KEY_NSHumanReadableCopyright = "";
				INSTALL_PATH = "$(LOCAL_LIBRARY_DIR)/Frameworks";
				IPHONEOS_DEPLOYMENT_TARGET = 15.2;
				LD_RUNPATH_SEARCH_PATHS = (
					"$(inherited)",
					"@executable_path/Frameworks",
					"@loader_path/Frameworks",
				);
				MARKETING_VERSION = 1.0;
				MTL_ENABLE_DEBUG_INFO = NO;
				MTL_FAST_MATH = YES;
				PRODUCT_BUNDLE_IDENTIFIER = com.github.kean.GeneratedPackages;
				PRODUCT_NAME = "$(TARGET_NAME:c99extidentifier)";
				SDKROOT = iphoneos;
				SKIP_INSTALL = YES;
				SWIFT_COMPILATION_MODE = wholemodule;
				SWIFT_EMIT_LOC_STRINGS = YES;
				SWIFT_OPTIMIZATION_LEVEL = "-O";
				SWIFT_VERSION = 5.0;
				TARGETED_DEVICE_FAMILY = "1,2";
				VALIDATE_PRODUCT = YES;
				VERSIONING_SYSTEM = "apple-generic";
				VERSION_INFO_PREFIX = "";
			};
			name = Release;
		};
/* End XCBuildConfiguration section */

/* Begin XCConfigurationList section */
		0C612D712777AFD5008D32A4 /* Build configuration list for PBXProject "GeneratedPackages" */ = {
			isa = XCConfigurationList;
			buildConfigurations = (
				0C612D722777AFD5008D32A4 /* Debug */,
				0C612D732777AFD5008D32A4 /* Release */,
			);
			defaultConfigurationIsVisible = 0;
			defaultConfigurationName = Release;
		};
		0C612E642777B55A008D32A4 /* Build configuration list for PBXNativeTarget "GeneratedPackages" */ = {
			isa = XCConfigurationList;
			buildConfigurations = (
				0C612E652777B55A008D32A4 /* Debug */,
				0C612E662777B55A008D32A4 /* Release */,
			);
			defaultConfigurationIsVisible = 0;
			defaultConfigurationName = Release;
		};
/* End XCConfigurationList section */

/* Begin XCSwiftPackageProductDependency section */
		0CEB959C2780E163002E02C0 /* edgecases-change-access-control */ = {
			isa = XCSwiftPackageProductDependency;
			productName = "edgecases-change-access-control";
		};
		0CEB959E2780E163002E02C0 /* edgecases-coding-keys */ = {
			isa = XCSwiftPackageProductDependency;
			productName = "edgecases-coding-keys";
		};
		0CEB95A02780E163002E02C0 /* edgecases-default */ = {
			isa = XCSwiftPackageProductDependency;
			productName = "edgecases-default";
		};
		0CEB95A22780E163002E02C0 /* edgecases-disable-acronyms */ = {
			isa = XCSwiftPackageProductDependency;
			productName = "edgecases-disable-acronyms";
		};
		0CEB95A42780E163002E02C0 /* edgecases-disable-enums */ = {
			isa = XCSwiftPackageProductDependency;
			productName = "edgecases-disable-enums";
		};
		0CEB95A62780E163002E02C0 /* edgecases-indent-with-two-width-spaces */ = {
			isa = XCSwiftPackageProductDependency;
			productName = "edgecases-indent-with-two-width-spaces";
		};
		0CEB95A82780E163002E02C0 /* edgecases-int32-int64 */ = {
			isa = XCSwiftPackageProductDependency;
			productName = "edgecases-int32-int64";
		};
		0CEB95AA2780E163002E02C0 /* edgecases-rename */ = {
			isa = XCSwiftPackageProductDependency;
			productName = "edgecases-rename";
		};
		0CEB95AC2780E163002E02C0 /* edgecases-rename-properties */ = {
			isa = XCSwiftPackageProductDependency;
			productName = "edgecases-rename-properties";
		};
		0CEB95AE2780E163002E02C0 /* edgecases-tabs */ = {
			isa = XCSwiftPackageProductDependency;
			productName = "edgecases-tabs";
		};
		0CEB95B02780E163002E02C0 /* edgecases-yaml-config */ = {
			isa = XCSwiftPackageProductDependency;
			productName = "edgecases-yaml-config";
		};
		0CEB95B22780E163002E02C0 /* OctoKit */ = {
			isa = XCSwiftPackageProductDependency;
			productName = OctoKit;
		};
		0CEB95B42780E163002E02C0 /* petstore-base-class */ = {
			isa = XCSwiftPackageProductDependency;
			productName = "petstore-base-class";
		};
		0CEB95B62780E163002E02C0 /* petstore-change-filename */ = {
			isa = XCSwiftPackageProductDependency;
			productName = "petstore-change-filename";
		};
		0CEB95B82780E163002E02C0 /* petstore-custom-imports */ = {
			isa = XCSwiftPackageProductDependency;
			productName = "petstore-custom-imports";
		};
		0CEB95BA2780E163002E02C0 /* petstore-default */ = {
			isa = XCSwiftPackageProductDependency;
			productName = "petstore-default";
		};
		0CEB95BC2780E163002E02C0 /* petstore-disable-comments */ = {
			isa = XCSwiftPackageProductDependency;
			productName = "petstore-disable-comments";
		};
		0CEB95BE2780E163002E02C0 /* petstore-disable-init-with-coder */ = {
			isa = XCSwiftPackageProductDependency;
			productName = "petstore-disable-init-with-coder";
		};
		0CEB95C02780E163002E02C0 /* petstore-disable-inlining */ = {
			isa = XCSwiftPackageProductDependency;
			productName = "petstore-disable-inlining";
		};
		0CEB95C22780E163002E02C0 /* petstore-generate-classes */ = {
			isa = XCSwiftPackageProductDependency;
			productName = "petstore-generate-classes";
		};
		0CEB95C42780E163002E02C0 /* petstore-only-schemas */ = {
			isa = XCSwiftPackageProductDependency;
			productName = "petstore-only-schemas";
		};
		0CEB95C62780E163002E02C0 /* petstore-operation-id */ = {
			isa = XCSwiftPackageProductDependency;
			productName = "petstore-operation-id";
		};
		0CEB95C82780E163002E02C0 /* petstore-single-threaded */ = {
			isa = XCSwiftPackageProductDependency;
			productName = "petstore-single-threaded";
		};
		0CEB95CA2780E163002E02C0 /* petstore-some-entities-as-classes */ = {
			isa = XCSwiftPackageProductDependency;
			productName = "petstore-some-entities-as-classes";
		};
		0CEB95CC2780E163002E02C0 /* petstore-some-entities-as-structs */ = {
			isa = XCSwiftPackageProductDependency;
			productName = "petstore-some-entities-as-structs";
		};
		0CEB95CE2780E163002E02C0 /* petstore-split */ = {
			isa = XCSwiftPackageProductDependency;
			productName = "petstore-split";
		};
		0CEB95D02780E163002E02C0 /* test-query-parameters */ = {
			isa = XCSwiftPackageProductDependency;
			productName = "test-query-parameters";
		};
/* End XCSwiftPackageProductDependency section */
	};
	rootObject = 0C612D6E2777AFD5008D32A4 /* Project object */;
}
