// !$*UTF8*$!
{
	archiveVersion = 1;
	classes = {
	};
	objectVersion = 55;
	objects = {

/* Begin PBXBuildFile section */
		533CE9BC285396420074A659 /* inlining-default in Frameworks */ = {isa = PBXBuildFile; productRef = 533CE9BB285396420074A659 /* inlining-default */; };
		5353B56027FE1DFC0000D490 /* edgecases-yaml-config in Resources */ = {isa = PBXBuildFile; fileRef = 5353B53827FE1DFB0000D490 /* edgecases-yaml-config */; };
		5353B56127FE1DFC0000D490 /* edgecases-disable-acronyms in Resources */ = {isa = PBXBuildFile; fileRef = 5353B53927FE1DFB0000D490 /* edgecases-disable-acronyms */; };
		5353B56227FE1DFC0000D490 /* edgecases-int32-int64 in Resources */ = {isa = PBXBuildFile; fileRef = 5353B53A27FE1DFB0000D490 /* edgecases-int32-int64 */; };
		5353B56327FE1DFD0000D490 /* edgecases-rename-properties in Resources */ = {isa = PBXBuildFile; fileRef = 5353B53B27FE1DFB0000D490 /* edgecases-rename-properties */; };
		5353B56427FE1DFD0000D490 /* strip-parent-name-nested-objects-enabled in Resources */ = {isa = PBXBuildFile; fileRef = 5353B53C27FE1DFB0000D490 /* strip-parent-name-nested-objects-enabled */; };
		5353B56527FE1DFD0000D490 /* petstore-base-class in Resources */ = {isa = PBXBuildFile; fileRef = 5353B53D27FE1DFB0000D490 /* petstore-base-class */; };
		5353B56627FE1DFD0000D490 /* petstore-custom-imports in Resources */ = {isa = PBXBuildFile; fileRef = 5353B53E27FE1DFB0000D490 /* petstore-custom-imports */; };
		5353B56727FE1DFD0000D490 /* petstore-change-namespace-when-operations-style in Resources */ = {isa = PBXBuildFile; fileRef = 5353B53F27FE1DFB0000D490 /* petstore-change-namespace-when-operations-style */; };
		5353B56827FE1DFD0000D490 /* petstore-change-namespace-when-rest-style in Resources */ = {isa = PBXBuildFile; fileRef = 5353B54027FE1DFC0000D490 /* petstore-change-namespace-when-rest-style */; };
		5353B56927FE1DFD0000D490 /* edgecases-disable-enums in Resources */ = {isa = PBXBuildFile; fileRef = 5353B54127FE1DFC0000D490 /* edgecases-disable-enums */; };
		5353B56C27FE1DFD0000D490 /* petstore-disable-mutable-properties in Resources */ = {isa = PBXBuildFile; fileRef = 5353B54527FE1DFC0000D490 /* petstore-disable-mutable-properties */; };
		5353B56D27FE1DFD0000D490 /* edgecases-coding-keys in Resources */ = {isa = PBXBuildFile; fileRef = 5353B54627FE1DFC0000D490 /* edgecases-coding-keys */; };
		5353B56E27FE1DFD0000D490 /* test-query-parameters in Resources */ = {isa = PBXBuildFile; fileRef = 5353B54727FE1DFC0000D490 /* test-query-parameters */; };
		5353B57027FE1DFD0000D490 /* petstore-split in Resources */ = {isa = PBXBuildFile; fileRef = 5353B54927FE1DFC0000D490 /* petstore-split */; };
		5353B57127FE1DFD0000D490 /* edgecases-change-access-control in Resources */ = {isa = PBXBuildFile; fileRef = 5353B54A27FE1DFC0000D490 /* edgecases-change-access-control */; };
		5353B57227FE1DFD0000D490 /* cookpad in Resources */ = {isa = PBXBuildFile; fileRef = 5353B54B27FE1DFC0000D490 /* cookpad */; };
		5353B57327FE1DFD0000D490 /* petstore-single-threaded in Resources */ = {isa = PBXBuildFile; fileRef = 5353B54C27FE1DFC0000D490 /* petstore-single-threaded */; };
		5353B57427FE1DFD0000D490 /* petstore-some-entities-as-classes in Resources */ = {isa = PBXBuildFile; fileRef = 5353B54D27FE1DFC0000D490 /* petstore-some-entities-as-classes */; };
		5353B57527FE1DFD0000D490 /* edgecases-default in Resources */ = {isa = PBXBuildFile; fileRef = 5353B54E27FE1DFC0000D490 /* edgecases-default */; };
		5353B57627FE1DFD0000D490 /* petstore-disable-init-with-coder in Resources */ = {isa = PBXBuildFile; fileRef = 5353B54F27FE1DFC0000D490 /* petstore-disable-init-with-coder */; };
		5353B57727FE1DFD0000D490 /* petstore-some-entities-as-structs in Resources */ = {isa = PBXBuildFile; fileRef = 5353B55027FE1DFC0000D490 /* petstore-some-entities-as-structs */; };
		5353B57827FE1DFD0000D490 /* strip-parent-name-nested-objects-default in Resources */ = {isa = PBXBuildFile; fileRef = 5353B55127FE1DFC0000D490 /* strip-parent-name-nested-objects-default */; };
		5353B57927FE1DFD0000D490 /* petstore-generate-classes in Resources */ = {isa = PBXBuildFile; fileRef = 5353B55227FE1DFC0000D490 /* petstore-generate-classes */; };
		5353B57A27FE1DFD0000D490 /* edgecases-rename in Resources */ = {isa = PBXBuildFile; fileRef = 5353B55327FE1DFC0000D490 /* edgecases-rename */; };
		5353B57B27FE1DFD0000D490 /* petstore-disable-comments in Resources */ = {isa = PBXBuildFile; fileRef = 5353B55427FE1DFC0000D490 /* petstore-disable-comments */; };
		5353B57C27FE1DFD0000D490 /* petstore-change-entityname in Resources */ = {isa = PBXBuildFile; fileRef = 5353B55527FE1DFC0000D490 /* petstore-change-entityname */; };
		5353B57D27FE1DFD0000D490 /* petstore-enable-mutable-properties in Resources */ = {isa = PBXBuildFile; fileRef = 5353B55627FE1DFC0000D490 /* petstore-enable-mutable-properties */; };
		5353B57E27FE1DFD0000D490 /* petstore-change-filename in Resources */ = {isa = PBXBuildFile; fileRef = 5353B55727FE1DFC0000D490 /* petstore-change-filename */; };
		5353B57F27FE1DFD0000D490 /* discriminator in Resources */ = {isa = PBXBuildFile; fileRef = 5353B55827FE1DFC0000D490 /* discriminator */; };
		5353B58027FE1DFD0000D490 /* petstore-default in Resources */ = {isa = PBXBuildFile; fileRef = 5353B55927FE1DFC0000D490 /* petstore-default */; };
		5353B58127FE1DFD0000D490 /* edgecases-tabs in Resources */ = {isa = PBXBuildFile; fileRef = 5353B55A27FE1DFC0000D490 /* edgecases-tabs */; };
		5353B58227FE1DFD0000D490 /* petstore-operation-id in Resources */ = {isa = PBXBuildFile; fileRef = 5353B55B27FE1DFC0000D490 /* petstore-operation-id */; };
		5353B58327FE1DFD0000D490 /* petstore-disable-inlining in Resources */ = {isa = PBXBuildFile; fileRef = 5353B55C27FE1DFC0000D490 /* petstore-disable-inlining */; };
		5353B58427FE1DFD0000D490 /* petstore-only-schemas in Resources */ = {isa = PBXBuildFile; fileRef = 5353B55D27FE1DFC0000D490 /* petstore-only-schemas */; };
		5353B58527FE1DFD0000D490 /* OctoKit in Resources */ = {isa = PBXBuildFile; fileRef = 5353B55E27FE1DFC0000D490 /* OctoKit */; };
		5353B58627FE1DFD0000D490 /* edgecases-indent-with-two-width-spaces in Resources */ = {isa = PBXBuildFile; fileRef = 5353B55F27FE1DFC0000D490 /* edgecases-indent-with-two-width-spaces */; };
		5353B58827FE1E260000D490 /* cookpad in Frameworks */ = {isa = PBXBuildFile; productRef = 5353B58727FE1E260000D490 /* cookpad */; };
		5353B58A27FE1E260000D490 /* discriminator in Frameworks */ = {isa = PBXBuildFile; productRef = 5353B58927FE1E260000D490 /* discriminator */; };
		5353B58C27FE1E260000D490 /* edgecases-change-access-control in Frameworks */ = {isa = PBXBuildFile; productRef = 5353B58B27FE1E260000D490 /* edgecases-change-access-control */; };
		5353B58E27FE1E260000D490 /* edgecases-coding-keys in Frameworks */ = {isa = PBXBuildFile; productRef = 5353B58D27FE1E260000D490 /* edgecases-coding-keys */; };
		5353B59027FE1E260000D490 /* edgecases-default in Frameworks */ = {isa = PBXBuildFile; productRef = 5353B58F27FE1E260000D490 /* edgecases-default */; };
		5353B59227FE1E260000D490 /* edgecases-disable-acronyms in Frameworks */ = {isa = PBXBuildFile; productRef = 5353B59127FE1E260000D490 /* edgecases-disable-acronyms */; };
		5353B59427FE1E260000D490 /* edgecases-disable-enums in Frameworks */ = {isa = PBXBuildFile; productRef = 5353B59327FE1E260000D490 /* edgecases-disable-enums */; };
		5353B59627FE1E260000D490 /* edgecases-indent-with-two-width-spaces in Frameworks */ = {isa = PBXBuildFile; productRef = 5353B59527FE1E260000D490 /* edgecases-indent-with-two-width-spaces */; };
		5353B59827FE1E260000D490 /* edgecases-int32-int64 in Frameworks */ = {isa = PBXBuildFile; productRef = 5353B59727FE1E260000D490 /* edgecases-int32-int64 */; };
		5353B59A27FE1E260000D490 /* edgecases-rename in Frameworks */ = {isa = PBXBuildFile; productRef = 5353B59927FE1E260000D490 /* edgecases-rename */; };
		5353B59C27FE1E260000D490 /* edgecases-rename-properties in Frameworks */ = {isa = PBXBuildFile; productRef = 5353B59B27FE1E260000D490 /* edgecases-rename-properties */; };
		5353B59E27FE1E260000D490 /* edgecases-tabs in Frameworks */ = {isa = PBXBuildFile; productRef = 5353B59D27FE1E260000D490 /* edgecases-tabs */; };
		5353B5A027FE1E260000D490 /* edgecases-yaml-config in Frameworks */ = {isa = PBXBuildFile; productRef = 5353B59F27FE1E260000D490 /* edgecases-yaml-config */; };
		5353B5A227FE1E260000D490 /* OctoKit in Frameworks */ = {isa = PBXBuildFile; productRef = 5353B5A127FE1E260000D490 /* OctoKit */; };
		5353B5A427FE1E260000D490 /* petstore-base-class in Frameworks */ = {isa = PBXBuildFile; productRef = 5353B5A327FE1E260000D490 /* petstore-base-class */; };
		5353B5A627FE1E260000D490 /* petstore-change-entityname in Frameworks */ = {isa = PBXBuildFile; productRef = 5353B5A527FE1E260000D490 /* petstore-change-entityname */; };
		5353B5A827FE1E260000D490 /* petstore-change-filename in Frameworks */ = {isa = PBXBuildFile; productRef = 5353B5A727FE1E260000D490 /* petstore-change-filename */; };
		5353B5AA27FE1E260000D490 /* petstore-change-namespace-when-operations-style in Frameworks */ = {isa = PBXBuildFile; productRef = 5353B5A927FE1E260000D490 /* petstore-change-namespace-when-operations-style */; };
		5353B5AC27FE1E260000D490 /* petstore-change-namespace-when-rest-style in Frameworks */ = {isa = PBXBuildFile; productRef = 5353B5AB27FE1E260000D490 /* petstore-change-namespace-when-rest-style */; };
		5353B5AE27FE1E260000D490 /* petstore-custom-imports in Frameworks */ = {isa = PBXBuildFile; productRef = 5353B5AD27FE1E260000D490 /* petstore-custom-imports */; };
		5353B5B027FE1E260000D490 /* petstore-default in Frameworks */ = {isa = PBXBuildFile; productRef = 5353B5AF27FE1E260000D490 /* petstore-default */; };
		5353B5B227FE1E260000D490 /* petstore-disable-comments in Frameworks */ = {isa = PBXBuildFile; productRef = 5353B5B127FE1E260000D490 /* petstore-disable-comments */; };
		5353B5B427FE1E260000D490 /* petstore-disable-init-with-coder in Frameworks */ = {isa = PBXBuildFile; productRef = 5353B5B327FE1E260000D490 /* petstore-disable-init-with-coder */; };
		5353B5B627FE1E260000D490 /* petstore-disable-inlining in Frameworks */ = {isa = PBXBuildFile; productRef = 5353B5B527FE1E260000D490 /* petstore-disable-inlining */; };
		5353B5B827FE1E260000D490 /* petstore-disable-mutable-properties in Frameworks */ = {isa = PBXBuildFile; productRef = 5353B5B727FE1E260000D490 /* petstore-disable-mutable-properties */; };
		5353B5BA27FE1E260000D490 /* petstore-enable-mutable-properties in Frameworks */ = {isa = PBXBuildFile; productRef = 5353B5B927FE1E260000D490 /* petstore-enable-mutable-properties */; };
		5353B5BC27FE1E260000D490 /* petstore-generate-classes in Frameworks */ = {isa = PBXBuildFile; productRef = 5353B5BB27FE1E260000D490 /* petstore-generate-classes */; };
		5353B5BE27FE1E270000D490 /* petstore-only-schemas in Frameworks */ = {isa = PBXBuildFile; productRef = 5353B5BD27FE1E270000D490 /* petstore-only-schemas */; };
		5353B5C027FE1E270000D490 /* petstore-operation-id in Frameworks */ = {isa = PBXBuildFile; productRef = 5353B5BF27FE1E270000D490 /* petstore-operation-id */; };
		5353B5C227FE1E270000D490 /* petstore-single-threaded in Frameworks */ = {isa = PBXBuildFile; productRef = 5353B5C127FE1E270000D490 /* petstore-single-threaded */; };
		5353B5C427FE1E270000D490 /* petstore-some-entities-as-classes in Frameworks */ = {isa = PBXBuildFile; productRef = 5353B5C327FE1E270000D490 /* petstore-some-entities-as-classes */; };
		5353B5C627FE1E270000D490 /* petstore-some-entities-as-structs in Frameworks */ = {isa = PBXBuildFile; productRef = 5353B5C527FE1E270000D490 /* petstore-some-entities-as-structs */; };
		5353B5C827FE1E270000D490 /* petstore-split in Frameworks */ = {isa = PBXBuildFile; productRef = 5353B5C727FE1E270000D490 /* petstore-split */; };
		5353B5CA27FE1E270000D490 /* strip-parent-name-nested-objects-default in Frameworks */ = {isa = PBXBuildFile; productRef = 5353B5C927FE1E270000D490 /* strip-parent-name-nested-objects-default */; };
		5353B5CC27FE1E270000D490 /* strip-parent-name-nested-objects-enabled in Frameworks */ = {isa = PBXBuildFile; productRef = 5353B5CB27FE1E270000D490 /* strip-parent-name-nested-objects-enabled */; };
		5353B5CE27FE1E270000D490 /* test-query-parameters in Frameworks */ = {isa = PBXBuildFile; productRef = 5353B5CD27FE1E270000D490 /* test-query-parameters */; };
/* End PBXBuildFile section */

/* Begin PBXFileReference section */
		0C612E602777B55A008D32A4 /* GeneratedPackages.framework */ = {isa = PBXFileReference; explicitFileType = wrapper.framework; includeInIndex = 0; path = GeneratedPackages.framework; sourceTree = BUILT_PRODUCTS_DIR; };
		533CE9BA285396330074A659 /* inlining-default */ = {isa = PBXFileReference; lastKnownFileType = wrapper; name = "inlining-default"; path = "CreateAPITests/Expected/inlining-default"; sourceTree = "<group>"; };
		5353B53827FE1DFB0000D490 /* edgecases-yaml-config */ = {isa = PBXFileReference; lastKnownFileType = wrapper; name = "edgecases-yaml-config"; path = "CreateAPITests/Expected/edgecases-yaml-config"; sourceTree = "<group>"; };
		5353B53927FE1DFB0000D490 /* edgecases-disable-acronyms */ = {isa = PBXFileReference; lastKnownFileType = wrapper; name = "edgecases-disable-acronyms"; path = "CreateAPITests/Expected/edgecases-disable-acronyms"; sourceTree = "<group>"; };
		5353B53A27FE1DFB0000D490 /* edgecases-int32-int64 */ = {isa = PBXFileReference; lastKnownFileType = wrapper; name = "edgecases-int32-int64"; path = "CreateAPITests/Expected/edgecases-int32-int64"; sourceTree = "<group>"; };
		5353B53B27FE1DFB0000D490 /* edgecases-rename-properties */ = {isa = PBXFileReference; lastKnownFileType = wrapper; name = "edgecases-rename-properties"; path = "CreateAPITests/Expected/edgecases-rename-properties"; sourceTree = "<group>"; };
		5353B53C27FE1DFB0000D490 /* strip-parent-name-nested-objects-enabled */ = {isa = PBXFileReference; lastKnownFileType = wrapper; name = "strip-parent-name-nested-objects-enabled"; path = "CreateAPITests/Expected/strip-parent-name-nested-objects-enabled"; sourceTree = "<group>"; };
		5353B53D27FE1DFB0000D490 /* petstore-base-class */ = {isa = PBXFileReference; lastKnownFileType = wrapper; name = "petstore-base-class"; path = "CreateAPITests/Expected/petstore-base-class"; sourceTree = "<group>"; };
		5353B53E27FE1DFB0000D490 /* petstore-custom-imports */ = {isa = PBXFileReference; lastKnownFileType = wrapper; name = "petstore-custom-imports"; path = "CreateAPITests/Expected/petstore-custom-imports"; sourceTree = "<group>"; };
		5353B53F27FE1DFB0000D490 /* petstore-change-namespace-when-operations-style */ = {isa = PBXFileReference; lastKnownFileType = wrapper; name = "petstore-change-namespace-when-operations-style"; path = "CreateAPITests/Expected/petstore-change-namespace-when-operations-style"; sourceTree = "<group>"; };
		5353B54027FE1DFC0000D490 /* petstore-change-namespace-when-rest-style */ = {isa = PBXFileReference; lastKnownFileType = wrapper; name = "petstore-change-namespace-when-rest-style"; path = "CreateAPITests/Expected/petstore-change-namespace-when-rest-style"; sourceTree = "<group>"; };
		5353B54127FE1DFC0000D490 /* edgecases-disable-enums */ = {isa = PBXFileReference; lastKnownFileType = wrapper; name = "edgecases-disable-enums"; path = "CreateAPITests/Expected/edgecases-disable-enums"; sourceTree = "<group>"; };
		5353B54527FE1DFC0000D490 /* petstore-disable-mutable-properties */ = {isa = PBXFileReference; lastKnownFileType = wrapper; name = "petstore-disable-mutable-properties"; path = "CreateAPITests/Expected/petstore-disable-mutable-properties"; sourceTree = "<group>"; };
		5353B54627FE1DFC0000D490 /* edgecases-coding-keys */ = {isa = PBXFileReference; lastKnownFileType = wrapper; name = "edgecases-coding-keys"; path = "CreateAPITests/Expected/edgecases-coding-keys"; sourceTree = "<group>"; };
		5353B54727FE1DFC0000D490 /* test-query-parameters */ = {isa = PBXFileReference; lastKnownFileType = wrapper; name = "test-query-parameters"; path = "CreateAPITests/Expected/test-query-parameters"; sourceTree = "<group>"; };
		5353B54927FE1DFC0000D490 /* petstore-split */ = {isa = PBXFileReference; lastKnownFileType = wrapper; name = "petstore-split"; path = "CreateAPITests/Expected/petstore-split"; sourceTree = "<group>"; };
		5353B54A27FE1DFC0000D490 /* edgecases-change-access-control */ = {isa = PBXFileReference; lastKnownFileType = wrapper; name = "edgecases-change-access-control"; path = "CreateAPITests/Expected/edgecases-change-access-control"; sourceTree = "<group>"; };
		5353B54B27FE1DFC0000D490 /* cookpad */ = {isa = PBXFileReference; lastKnownFileType = wrapper; name = cookpad; path = CreateAPITests/Expected/cookpad; sourceTree = "<group>"; };
		5353B54C27FE1DFC0000D490 /* petstore-single-threaded */ = {isa = PBXFileReference; lastKnownFileType = wrapper; name = "petstore-single-threaded"; path = "CreateAPITests/Expected/petstore-single-threaded"; sourceTree = "<group>"; };
		5353B54D27FE1DFC0000D490 /* petstore-some-entities-as-classes */ = {isa = PBXFileReference; lastKnownFileType = wrapper; name = "petstore-some-entities-as-classes"; path = "CreateAPITests/Expected/petstore-some-entities-as-classes"; sourceTree = "<group>"; };
		5353B54E27FE1DFC0000D490 /* edgecases-default */ = {isa = PBXFileReference; lastKnownFileType = wrapper; name = "edgecases-default"; path = "CreateAPITests/Expected/edgecases-default"; sourceTree = "<group>"; };
		5353B54F27FE1DFC0000D490 /* petstore-disable-init-with-coder */ = {isa = PBXFileReference; lastKnownFileType = wrapper; name = "petstore-disable-init-with-coder"; path = "CreateAPITests/Expected/petstore-disable-init-with-coder"; sourceTree = "<group>"; };
		5353B55027FE1DFC0000D490 /* petstore-some-entities-as-structs */ = {isa = PBXFileReference; lastKnownFileType = wrapper; name = "petstore-some-entities-as-structs"; path = "CreateAPITests/Expected/petstore-some-entities-as-structs"; sourceTree = "<group>"; };
		5353B55127FE1DFC0000D490 /* strip-parent-name-nested-objects-default */ = {isa = PBXFileReference; lastKnownFileType = wrapper; name = "strip-parent-name-nested-objects-default"; path = "CreateAPITests/Expected/strip-parent-name-nested-objects-default"; sourceTree = "<group>"; };
		5353B55227FE1DFC0000D490 /* petstore-generate-classes */ = {isa = PBXFileReference; lastKnownFileType = wrapper; name = "petstore-generate-classes"; path = "CreateAPITests/Expected/petstore-generate-classes"; sourceTree = "<group>"; };
		5353B55327FE1DFC0000D490 /* edgecases-rename */ = {isa = PBXFileReference; lastKnownFileType = wrapper; name = "edgecases-rename"; path = "CreateAPITests/Expected/edgecases-rename"; sourceTree = "<group>"; };
		5353B55427FE1DFC0000D490 /* petstore-disable-comments */ = {isa = PBXFileReference; lastKnownFileType = wrapper; name = "petstore-disable-comments"; path = "CreateAPITests/Expected/petstore-disable-comments"; sourceTree = "<group>"; };
		5353B55527FE1DFC0000D490 /* petstore-change-entityname */ = {isa = PBXFileReference; lastKnownFileType = wrapper; name = "petstore-change-entityname"; path = "CreateAPITests/Expected/petstore-change-entityname"; sourceTree = "<group>"; };
		5353B55627FE1DFC0000D490 /* petstore-enable-mutable-properties */ = {isa = PBXFileReference; lastKnownFileType = wrapper; name = "petstore-enable-mutable-properties"; path = "CreateAPITests/Expected/petstore-enable-mutable-properties"; sourceTree = "<group>"; };
		5353B55727FE1DFC0000D490 /* petstore-change-filename */ = {isa = PBXFileReference; lastKnownFileType = wrapper; name = "petstore-change-filename"; path = "CreateAPITests/Expected/petstore-change-filename"; sourceTree = "<group>"; };
		5353B55827FE1DFC0000D490 /* discriminator */ = {isa = PBXFileReference; lastKnownFileType = wrapper; name = discriminator; path = CreateAPITests/Expected/discriminator; sourceTree = "<group>"; };
		5353B55927FE1DFC0000D490 /* petstore-default */ = {isa = PBXFileReference; lastKnownFileType = wrapper; name = "petstore-default"; path = "CreateAPITests/Expected/petstore-default"; sourceTree = "<group>"; };
		5353B55A27FE1DFC0000D490 /* edgecases-tabs */ = {isa = PBXFileReference; lastKnownFileType = wrapper; name = "edgecases-tabs"; path = "CreateAPITests/Expected/edgecases-tabs"; sourceTree = "<group>"; };
		5353B55B27FE1DFC0000D490 /* petstore-operation-id */ = {isa = PBXFileReference; lastKnownFileType = wrapper; name = "petstore-operation-id"; path = "CreateAPITests/Expected/petstore-operation-id"; sourceTree = "<group>"; };
		5353B55C27FE1DFC0000D490 /* petstore-disable-inlining */ = {isa = PBXFileReference; lastKnownFileType = wrapper; name = "petstore-disable-inlining"; path = "CreateAPITests/Expected/petstore-disable-inlining"; sourceTree = "<group>"; };
		5353B55D27FE1DFC0000D490 /* petstore-only-schemas */ = {isa = PBXFileReference; lastKnownFileType = wrapper; name = "petstore-only-schemas"; path = "CreateAPITests/Expected/petstore-only-schemas"; sourceTree = "<group>"; };
		5353B55E27FE1DFC0000D490 /* OctoKit */ = {isa = PBXFileReference; lastKnownFileType = wrapper; name = OctoKit; path = CreateAPITests/Expected/OctoKit; sourceTree = "<group>"; };
		5353B55F27FE1DFC0000D490 /* edgecases-indent-with-two-width-spaces */ = {isa = PBXFileReference; lastKnownFileType = wrapper; name = "edgecases-indent-with-two-width-spaces"; path = "CreateAPITests/Expected/edgecases-indent-with-two-width-spaces"; sourceTree = "<group>"; };
/* End PBXFileReference section */

/* Begin PBXFrameworksBuildPhase section */
		0C612E5D2777B55A008D32A4 /* Frameworks */ = {
			isa = PBXFrameworksBuildPhase;
			buildActionMask = 2147483647;
			files = (
				5353B59027FE1E260000D490 /* edgecases-default in Frameworks */,
				5353B5B427FE1E260000D490 /* petstore-disable-init-with-coder in Frameworks */,
				5353B58827FE1E260000D490 /* cookpad in Frameworks */,
				5353B5A227FE1E260000D490 /* OctoKit in Frameworks */,
				5353B59627FE1E260000D490 /* edgecases-indent-with-two-width-spaces in Frameworks */,
				5353B59C27FE1E260000D490 /* edgecases-rename-properties in Frameworks */,
				5353B5B227FE1E260000D490 /* petstore-disable-comments in Frameworks */,
				5353B5C227FE1E270000D490 /* petstore-single-threaded in Frameworks */,
				5353B5C027FE1E270000D490 /* petstore-operation-id in Frameworks */,
				5353B5CE27FE1E270000D490 /* test-query-parameters in Frameworks */,
				5353B59827FE1E260000D490 /* edgecases-int32-int64 in Frameworks */,
				5353B5A027FE1E260000D490 /* edgecases-yaml-config in Frameworks */,
				5353B5B827FE1E260000D490 /* petstore-disable-mutable-properties in Frameworks */,
				5353B5CA27FE1E270000D490 /* strip-parent-name-nested-objects-default in Frameworks */,
				5353B58A27FE1E260000D490 /* discriminator in Frameworks */,
				5353B59427FE1E260000D490 /* edgecases-disable-enums in Frameworks */,
				5353B58C27FE1E260000D490 /* edgecases-change-access-control in Frameworks */,
				5353B5B027FE1E260000D490 /* petstore-default in Frameworks */,
				5353B5C627FE1E270000D490 /* petstore-some-entities-as-structs in Frameworks */,
				5353B5B627FE1E260000D490 /* petstore-disable-inlining in Frameworks */,
				5353B5BA27FE1E260000D490 /* petstore-enable-mutable-properties in Frameworks */,
				5353B5C427FE1E270000D490 /* petstore-some-entities-as-classes in Frameworks */,
				5353B5BC27FE1E260000D490 /* petstore-generate-classes in Frameworks */,
				5353B5AA27FE1E260000D490 /* petstore-change-namespace-when-operations-style in Frameworks */,
				5353B5CC27FE1E270000D490 /* strip-parent-name-nested-objects-enabled in Frameworks */,
				5353B5AC27FE1E260000D490 /* petstore-change-namespace-when-rest-style in Frameworks */,
				5353B5BE27FE1E270000D490 /* petstore-only-schemas in Frameworks */,
				533CE9BC285396420074A659 /* inlining-default in Frameworks */,
				5353B59227FE1E260000D490 /* edgecases-disable-acronyms in Frameworks */,
				5353B5A827FE1E260000D490 /* petstore-change-filename in Frameworks */,
				5353B5C827FE1E270000D490 /* petstore-split in Frameworks */,
				5353B59E27FE1E260000D490 /* edgecases-tabs in Frameworks */,
				5353B58E27FE1E260000D490 /* edgecases-coding-keys in Frameworks */,
				5353B5AE27FE1E260000D490 /* petstore-custom-imports in Frameworks */,
				5353B59A27FE1E260000D490 /* edgecases-rename in Frameworks */,
				5353B5A627FE1E260000D490 /* petstore-change-entityname in Frameworks */,
				5353B5A427FE1E260000D490 /* petstore-base-class in Frameworks */,
			);
			runOnlyForDeploymentPostprocessing = 0;
		};
/* End PBXFrameworksBuildPhase section */

/* Begin PBXGroup section */
		0C612D6D2777AFD5008D32A4 = {
			isa = PBXGroup;
			children = (
				5353B54B27FE1DFC0000D490 /* cookpad */,
				5353B55827FE1DFC0000D490 /* discriminator */,
				5353B54A27FE1DFC0000D490 /* edgecases-change-access-control */,
				5353B54627FE1DFC0000D490 /* edgecases-coding-keys */,
				5353B54E27FE1DFC0000D490 /* edgecases-default */,
				5353B53927FE1DFB0000D490 /* edgecases-disable-acronyms */,
				5353B54127FE1DFC0000D490 /* edgecases-disable-enums */,
				5353B55F27FE1DFC0000D490 /* edgecases-indent-with-two-width-spaces */,
				5353B53A27FE1DFB0000D490 /* edgecases-int32-int64 */,
				5353B55327FE1DFC0000D490 /* edgecases-rename */,
				5353B53B27FE1DFB0000D490 /* edgecases-rename-properties */,
				5353B55A27FE1DFC0000D490 /* edgecases-tabs */,
				5353B53827FE1DFB0000D490 /* edgecases-yaml-config */,
				533CE9BA285396330074A659 /* inlining-default */,
				5353B55E27FE1DFC0000D490 /* OctoKit */,
				5353B53D27FE1DFB0000D490 /* petstore-base-class */,
				5353B55527FE1DFC0000D490 /* petstore-change-entityname */,
				5353B55727FE1DFC0000D490 /* petstore-change-filename */,
				5353B53F27FE1DFB0000D490 /* petstore-change-namespace-when-operations-style */,
				5353B54027FE1DFC0000D490 /* petstore-change-namespace-when-rest-style */,
				5353B53E27FE1DFB0000D490 /* petstore-custom-imports */,
				5353B55927FE1DFC0000D490 /* petstore-default */,
				5353B55427FE1DFC0000D490 /* petstore-disable-comments */,
				5353B54F27FE1DFC0000D490 /* petstore-disable-init-with-coder */,
				5353B55C27FE1DFC0000D490 /* petstore-disable-inlining */,
				5353B54527FE1DFC0000D490 /* petstore-disable-mutable-properties */,
				5353B55627FE1DFC0000D490 /* petstore-enable-mutable-properties */,
				5353B55227FE1DFC0000D490 /* petstore-generate-classes */,
				5353B55D27FE1DFC0000D490 /* petstore-only-schemas */,
				5353B55B27FE1DFC0000D490 /* petstore-operation-id */,
				5353B54C27FE1DFC0000D490 /* petstore-single-threaded */,
				5353B54D27FE1DFC0000D490 /* petstore-some-entities-as-classes */,
				5353B55027FE1DFC0000D490 /* petstore-some-entities-as-structs */,
				5353B54927FE1DFC0000D490 /* petstore-split */,
				5353B55127FE1DFC0000D490 /* strip-parent-name-nested-objects-default */,
				5353B53C27FE1DFB0000D490 /* strip-parent-name-nested-objects-enabled */,
				5353B54727FE1DFC0000D490 /* test-query-parameters */,
				0C612DB82777B098008D32A4 /* Products */,
				0C612DEA2777B0AC008D32A4 /* Frameworks */,
			);
			sourceTree = "<group>";
		};
		0C612DB82777B098008D32A4 /* Products */ = {
			isa = PBXGroup;
			children = (
				0C612E602777B55A008D32A4 /* GeneratedPackages.framework */,
			);
			name = Products;
			sourceTree = "<group>";
		};
		0C612DEA2777B0AC008D32A4 /* Frameworks */ = {
			isa = PBXGroup;
			children = (
			);
			name = Frameworks;
			sourceTree = "<group>";
		};
/* End PBXGroup section */

/* Begin PBXHeadersBuildPhase section */
		0C612E5B2777B55A008D32A4 /* Headers */ = {
			isa = PBXHeadersBuildPhase;
			buildActionMask = 2147483647;
			files = (
			);
			runOnlyForDeploymentPostprocessing = 0;
		};
/* End PBXHeadersBuildPhase section */

/* Begin PBXNativeTarget section */
		0C612E5F2777B55A008D32A4 /* GeneratedPackages */ = {
			isa = PBXNativeTarget;
			buildConfigurationList = 0C612E642777B55A008D32A4 /* Build configuration list for PBXNativeTarget "GeneratedPackages" */;
			buildPhases = (
				0C612E5B2777B55A008D32A4 /* Headers */,
				0C612E5C2777B55A008D32A4 /* Sources */,
				0C612E5D2777B55A008D32A4 /* Frameworks */,
				0C612E5E2777B55A008D32A4 /* Resources */,
			);
			buildRules = (
			);
			dependencies = (
			);
			name = GeneratedPackages;
			packageProductDependencies = (
				5353B58727FE1E260000D490 /* cookpad */,
				5353B58927FE1E260000D490 /* discriminator */,
				5353B58B27FE1E260000D490 /* edgecases-change-access-control */,
				5353B58D27FE1E260000D490 /* edgecases-coding-keys */,
				5353B58F27FE1E260000D490 /* edgecases-default */,
				5353B59127FE1E260000D490 /* edgecases-disable-acronyms */,
				5353B59327FE1E260000D490 /* edgecases-disable-enums */,
				5353B59527FE1E260000D490 /* edgecases-indent-with-two-width-spaces */,
				5353B59727FE1E260000D490 /* edgecases-int32-int64 */,
				5353B59927FE1E260000D490 /* edgecases-rename */,
				5353B59B27FE1E260000D490 /* edgecases-rename-properties */,
				5353B59D27FE1E260000D490 /* edgecases-tabs */,
				5353B59F27FE1E260000D490 /* edgecases-yaml-config */,
				5353B5A127FE1E260000D490 /* OctoKit */,
				5353B5A327FE1E260000D490 /* petstore-base-class */,
				5353B5A527FE1E260000D490 /* petstore-change-entityname */,
				5353B5A727FE1E260000D490 /* petstore-change-filename */,
				5353B5A927FE1E260000D490 /* petstore-change-namespace-when-operations-style */,
				5353B5AB27FE1E260000D490 /* petstore-change-namespace-when-rest-style */,
				5353B5AD27FE1E260000D490 /* petstore-custom-imports */,
				5353B5AF27FE1E260000D490 /* petstore-default */,
				5353B5B127FE1E260000D490 /* petstore-disable-comments */,
				5353B5B327FE1E260000D490 /* petstore-disable-init-with-coder */,
				5353B5B527FE1E260000D490 /* petstore-disable-inlining */,
				5353B5B727FE1E260000D490 /* petstore-disable-mutable-properties */,
				5353B5B927FE1E260000D490 /* petstore-enable-mutable-properties */,
				5353B5BB27FE1E260000D490 /* petstore-generate-classes */,
				5353B5BD27FE1E270000D490 /* petstore-only-schemas */,
				5353B5BF27FE1E270000D490 /* petstore-operation-id */,
				5353B5C127FE1E270000D490 /* petstore-single-threaded */,
				5353B5C327FE1E270000D490 /* petstore-some-entities-as-classes */,
				5353B5C527FE1E270000D490 /* petstore-some-entities-as-structs */,
				5353B5C727FE1E270000D490 /* petstore-split */,
				5353B5C927FE1E270000D490 /* strip-parent-name-nested-objects-default */,
				5353B5CB27FE1E270000D490 /* strip-parent-name-nested-objects-enabled */,
				5353B5CD27FE1E270000D490 /* test-query-parameters */,
				533CE9BB285396420074A659 /* inlining-default */,
			);
			productName = GeneratedPackages;
			productReference = 0C612E602777B55A008D32A4 /* GeneratedPackages.framework */;
			productType = "com.apple.product-type.framework";
		};
/* End PBXNativeTarget section */

/* Begin PBXProject section */
		0C612D6E2777AFD5008D32A4 /* Project object */ = {
			isa = PBXProject;
			attributes = {
				BuildIndependentTargetsInParallel = 1;
				LastSwiftUpdateCheck = 1320;
				LastUpgradeCheck = 1340;
				TargetAttributes = {
					0C612E5F2777B55A008D32A4 = {
						CreatedOnToolsVersion = 13.2;
					};
				};
			};
			buildConfigurationList = 0C612D712777AFD5008D32A4 /* Build configuration list for PBXProject "GeneratedPackages" */;
			compatibilityVersion = "Xcode 13.0";
			developmentRegion = en;
			hasScannedForEncodings = 0;
			knownRegions = (
				en,
				Base,
			);
			mainGroup = 0C612D6D2777AFD5008D32A4;
			productRefGroup = 0C612DB82777B098008D32A4 /* Products */;
			projectDirPath = "";
			projectRoot = "";
			targets = (
				0C612E5F2777B55A008D32A4 /* GeneratedPackages */,
			);
		};
/* End PBXProject section */

/* Begin PBXResourcesBuildPhase section */
		0C612E5E2777B55A008D32A4 /* Resources */ = {
			isa = PBXResourcesBuildPhase;
			buildActionMask = 2147483647;
			files = (
				5353B56727FE1DFD0000D490 /* petstore-change-namespace-when-operations-style in Resources */,
				5353B57D27FE1DFD0000D490 /* petstore-enable-mutable-properties in Resources */,
				5353B56227FE1DFC0000D490 /* edgecases-int32-int64 in Resources */,
				5353B56C27FE1DFD0000D490 /* petstore-disable-mutable-properties in Resources */,
				5353B57127FE1DFD0000D490 /* edgecases-change-access-control in Resources */,
				5353B57A27FE1DFD0000D490 /* edgecases-rename in Resources */,
				5353B57427FE1DFD0000D490 /* petstore-some-entities-as-classes in Resources */,
				5353B57E27FE1DFD0000D490 /* petstore-change-filename in Resources */,
				5353B56E27FE1DFD0000D490 /* test-query-parameters in Resources */,
				5353B58127FE1DFD0000D490 /* edgecases-tabs in Resources */,
				5353B57B27FE1DFD0000D490 /* petstore-disable-comments in Resources */,
				5353B58227FE1DFD0000D490 /* petstore-operation-id in Resources */,
				5353B58427FE1DFD0000D490 /* petstore-only-schemas in Resources */,
				5353B57227FE1DFD0000D490 /* cookpad in Resources */,
				5353B57F27FE1DFD0000D490 /* discriminator in Resources */,
				5353B57827FE1DFD0000D490 /* strip-parent-name-nested-objects-default in Resources */,
				5353B56D27FE1DFD0000D490 /* edgecases-coding-keys in Resources */,
				5353B56127FE1DFC0000D490 /* edgecases-disable-acronyms in Resources */,
				5353B57927FE1DFD0000D490 /* petstore-generate-classes in Resources */,
				5353B58627FE1DFD0000D490 /* edgecases-indent-with-two-width-spaces in Resources */,
				5353B56527FE1DFD0000D490 /* petstore-base-class in Resources */,
				5353B56627FE1DFD0000D490 /* petstore-custom-imports in Resources */,
				5353B57027FE1DFD0000D490 /* petstore-split in Resources */,
				5353B56927FE1DFD0000D490 /* edgecases-disable-enums in Resources */,
				5353B58027FE1DFD0000D490 /* petstore-default in Resources */,
				5353B58527FE1DFD0000D490 /* OctoKit in Resources */,
				5353B56327FE1DFD0000D490 /* edgecases-rename-properties in Resources */,
				5353B57C27FE1DFD0000D490 /* petstore-change-entityname in Resources */,
				5353B57727FE1DFD0000D490 /* petstore-some-entities-as-structs in Resources */,
				5353B57327FE1DFD0000D490 /* petstore-single-threaded in Resources */,
				5353B58327FE1DFD0000D490 /* petstore-disable-inlining in Resources */,
				5353B57527FE1DFD0000D490 /* edgecases-default in Resources */,
				5353B56427FE1DFD0000D490 /* strip-parent-name-nested-objects-enabled in Resources */,
				5353B56827FE1DFD0000D490 /* petstore-change-namespace-when-rest-style in Resources */,
				5353B56027FE1DFC0000D490 /* edgecases-yaml-config in Resources */,
				5353B57627FE1DFD0000D490 /* petstore-disable-init-with-coder in Resources */,
			);
			runOnlyForDeploymentPostprocessing = 0;
		};
/* End PBXResourcesBuildPhase section */

/* Begin PBXSourcesBuildPhase section */
		0C612E5C2777B55A008D32A4 /* Sources */ = {
			isa = PBXSourcesBuildPhase;
			buildActionMask = 2147483647;
			files = (
			);
			runOnlyForDeploymentPostprocessing = 0;
		};
/* End PBXSourcesBuildPhase section */

/* Begin XCBuildConfiguration section */
		0C612D722777AFD5008D32A4 /* Debug */ = {
			isa = XCBuildConfiguration;
			buildSettings = {
				CLANG_WARN_BLOCK_CAPTURE_AUTORELEASING = YES;
				CLANG_WARN_BOOL_CONVERSION = YES;
				CLANG_WARN_COMMA = YES;
				CLANG_WARN_CONSTANT_CONVERSION = YES;
				CLANG_WARN_DEPRECATED_OBJC_IMPLEMENTATIONS = YES;
				CLANG_WARN_EMPTY_BODY = YES;
				CLANG_WARN_ENUM_CONVERSION = YES;
				CLANG_WARN_INFINITE_RECURSION = YES;
				CLANG_WARN_INT_CONVERSION = YES;
				CLANG_WARN_NON_LITERAL_NULL_CONVERSION = YES;
				CLANG_WARN_OBJC_IMPLICIT_RETAIN_SELF = YES;
				CLANG_WARN_OBJC_LITERAL_CONVERSION = YES;
				CLANG_WARN_QUOTED_INCLUDE_IN_FRAMEWORK_HEADER = YES;
				CLANG_WARN_RANGE_LOOP_ANALYSIS = YES;
				CLANG_WARN_STRICT_PROTOTYPES = YES;
				CLANG_WARN_SUSPICIOUS_MOVE = YES;
				CLANG_WARN_UNREACHABLE_CODE = YES;
				CLANG_WARN__DUPLICATE_METHOD_MATCH = YES;
				ENABLE_STRICT_OBJC_MSGSEND = YES;
				ENABLE_TESTABILITY = YES;
				GCC_NO_COMMON_BLOCKS = YES;
				GCC_WARN_64_TO_32_BIT_CONVERSION = YES;
				GCC_WARN_ABOUT_RETURN_TYPE = YES;
				GCC_WARN_UNDECLARED_SELECTOR = YES;
				GCC_WARN_UNINITIALIZED_AUTOS = YES;
				GCC_WARN_UNUSED_FUNCTION = YES;
				GCC_WARN_UNUSED_VARIABLE = YES;
				ONLY_ACTIVE_ARCH = YES;
			};
			name = Debug;
		};
		0C612D732777AFD5008D32A4 /* Release */ = {
			isa = XCBuildConfiguration;
			buildSettings = {
				CLANG_WARN_BLOCK_CAPTURE_AUTORELEASING = YES;
				CLANG_WARN_BOOL_CONVERSION = YES;
				CLANG_WARN_COMMA = YES;
				CLANG_WARN_CONSTANT_CONVERSION = YES;
				CLANG_WARN_DEPRECATED_OBJC_IMPLEMENTATIONS = YES;
				CLANG_WARN_EMPTY_BODY = YES;
				CLANG_WARN_ENUM_CONVERSION = YES;
				CLANG_WARN_INFINITE_RECURSION = YES;
				CLANG_WARN_INT_CONVERSION = YES;
				CLANG_WARN_NON_LITERAL_NULL_CONVERSION = YES;
				CLANG_WARN_OBJC_IMPLICIT_RETAIN_SELF = YES;
				CLANG_WARN_OBJC_LITERAL_CONVERSION = YES;
				CLANG_WARN_QUOTED_INCLUDE_IN_FRAMEWORK_HEADER = YES;
				CLANG_WARN_RANGE_LOOP_ANALYSIS = YES;
				CLANG_WARN_STRICT_PROTOTYPES = YES;
				CLANG_WARN_SUSPICIOUS_MOVE = YES;
				CLANG_WARN_UNREACHABLE_CODE = YES;
				CLANG_WARN__DUPLICATE_METHOD_MATCH = YES;
				ENABLE_STRICT_OBJC_MSGSEND = YES;
				GCC_NO_COMMON_BLOCKS = YES;
				GCC_WARN_64_TO_32_BIT_CONVERSION = YES;
				GCC_WARN_ABOUT_RETURN_TYPE = YES;
				GCC_WARN_UNDECLARED_SELECTOR = YES;
				GCC_WARN_UNINITIALIZED_AUTOS = YES;
				GCC_WARN_UNUSED_FUNCTION = YES;
				GCC_WARN_UNUSED_VARIABLE = YES;
			};
			name = Release;
		};
		0C612E652777B55A008D32A4 /* Debug */ = {
			isa = XCBuildConfiguration;
			buildSettings = {
				ALWAYS_SEARCH_USER_PATHS = NO;
				CLANG_ANALYZER_NONNULL = YES;
				CLANG_ANALYZER_NUMBER_OBJECT_CONVERSION = YES_AGGRESSIVE;
				CLANG_CXX_LANGUAGE_STANDARD = "gnu++17";
				CLANG_CXX_LIBRARY = "libc++";
				CLANG_ENABLE_MODULES = YES;
				CLANG_ENABLE_OBJC_ARC = YES;
				CLANG_ENABLE_OBJC_WEAK = YES;
				CLANG_WARN_BLOCK_CAPTURE_AUTORELEASING = YES;
				CLANG_WARN_BOOL_CONVERSION = YES;
				CLANG_WARN_COMMA = YES;
				CLANG_WARN_CONSTANT_CONVERSION = YES;
				CLANG_WARN_DEPRECATED_OBJC_IMPLEMENTATIONS = YES;
				CLANG_WARN_DIRECT_OBJC_ISA_USAGE = YES_ERROR;
				CLANG_WARN_DOCUMENTATION_COMMENTS = YES;
				CLANG_WARN_EMPTY_BODY = YES;
				CLANG_WARN_ENUM_CONVERSION = YES;
				CLANG_WARN_INFINITE_RECURSION = YES;
				CLANG_WARN_INT_CONVERSION = YES;
				CLANG_WARN_NON_LITERAL_NULL_CONVERSION = YES;
				CLANG_WARN_OBJC_IMPLICIT_RETAIN_SELF = YES;
				CLANG_WARN_OBJC_LITERAL_CONVERSION = YES;
				CLANG_WARN_OBJC_ROOT_CLASS = YES_ERROR;
				CLANG_WARN_QUOTED_INCLUDE_IN_FRAMEWORK_HEADER = YES;
				CLANG_WARN_RANGE_LOOP_ANALYSIS = YES;
				CLANG_WARN_STRICT_PROTOTYPES = YES;
				CLANG_WARN_SUSPICIOUS_MOVE = YES;
				CLANG_WARN_UNGUARDED_AVAILABILITY = YES_AGGRESSIVE;
				CLANG_WARN_UNREACHABLE_CODE = YES;
				CLANG_WARN__DUPLICATE_METHOD_MATCH = YES;
				CODE_SIGN_STYLE = Automatic;
				COPY_PHASE_STRIP = NO;
				CURRENT_PROJECT_VERSION = 1;
				DEBUG_INFORMATION_FORMAT = dwarf;
				DEFINES_MODULE = YES;
				DEVELOPMENT_TEAM = NR8DLKJ7E6;
				DYLIB_COMPATIBILITY_VERSION = 1;
				DYLIB_CURRENT_VERSION = 1;
				DYLIB_INSTALL_NAME_BASE = "@rpath";
				ENABLE_STRICT_OBJC_MSGSEND = YES;
				ENABLE_TESTABILITY = YES;
				GCC_C_LANGUAGE_STANDARD = gnu11;
				GCC_DYNAMIC_NO_PIC = NO;
				GCC_NO_COMMON_BLOCKS = YES;
				GCC_OPTIMIZATION_LEVEL = 0;
				GCC_PREPROCESSOR_DEFINITIONS = (
					"DEBUG=1",
					"$(inherited)",
				);
				GCC_WARN_64_TO_32_BIT_CONVERSION = YES;
				GCC_WARN_ABOUT_RETURN_TYPE = YES_ERROR;
				GCC_WARN_UNDECLARED_SELECTOR = YES;
				GCC_WARN_UNINITIALIZED_AUTOS = YES_AGGRESSIVE;
				GCC_WARN_UNUSED_FUNCTION = YES;
				GCC_WARN_UNUSED_VARIABLE = YES;
				GENERATE_INFOPLIST_FILE = YES;
				INFOPLIST_KEY_NSHumanReadableCopyright = "";
				INSTALL_PATH = "$(LOCAL_LIBRARY_DIR)/Frameworks";
				IPHONEOS_DEPLOYMENT_TARGET = 15.2;
				LD_RUNPATH_SEARCH_PATHS = (
					"$(inherited)",
					"@executable_path/Frameworks",
					"@loader_path/Frameworks",
				);
				MARKETING_VERSION = 1.0;
				MTL_ENABLE_DEBUG_INFO = INCLUDE_SOURCE;
				MTL_FAST_MATH = YES;
				ONLY_ACTIVE_ARCH = YES;
				PRODUCT_BUNDLE_IDENTIFIER = com.github.kean.GeneratedPackages;
				PRODUCT_NAME = "$(TARGET_NAME:c99extidentifier)";
				SDKROOT = iphoneos;
				SKIP_INSTALL = YES;
				SWIFT_ACTIVE_COMPILATION_CONDITIONS = DEBUG;
				SWIFT_EMIT_LOC_STRINGS = YES;
				SWIFT_OPTIMIZATION_LEVEL = "-Onone";
				SWIFT_VERSION = 5.0;
				TARGETED_DEVICE_FAMILY = "1,2";
				VERSIONING_SYSTEM = "apple-generic";
				VERSION_INFO_PREFIX = "";
			};
			name = Debug;
		};
		0C612E662777B55A008D32A4 /* Release */ = {
			isa = XCBuildConfiguration;
			buildSettings = {
				ALWAYS_SEARCH_USER_PATHS = NO;
				CLANG_ANALYZER_NONNULL = YES;
				CLANG_ANALYZER_NUMBER_OBJECT_CONVERSION = YES_AGGRESSIVE;
				CLANG_CXX_LANGUAGE_STANDARD = "gnu++17";
				CLANG_CXX_LIBRARY = "libc++";
				CLANG_ENABLE_MODULES = YES;
				CLANG_ENABLE_OBJC_ARC = YES;
				CLANG_ENABLE_OBJC_WEAK = YES;
				CLANG_WARN_BLOCK_CAPTURE_AUTORELEASING = YES;
				CLANG_WARN_BOOL_CONVERSION = YES;
				CLANG_WARN_COMMA = YES;
				CLANG_WARN_CONSTANT_CONVERSION = YES;
				CLANG_WARN_DEPRECATED_OBJC_IMPLEMENTATIONS = YES;
				CLANG_WARN_DIRECT_OBJC_ISA_USAGE = YES_ERROR;
				CLANG_WARN_DOCUMENTATION_COMMENTS = YES;
				CLANG_WARN_EMPTY_BODY = YES;
				CLANG_WARN_ENUM_CONVERSION = YES;
				CLANG_WARN_INFINITE_RECURSION = YES;
				CLANG_WARN_INT_CONVERSION = YES;
				CLANG_WARN_NON_LITERAL_NULL_CONVERSION = YES;
				CLANG_WARN_OBJC_IMPLICIT_RETAIN_SELF = YES;
				CLANG_WARN_OBJC_LITERAL_CONVERSION = YES;
				CLANG_WARN_OBJC_ROOT_CLASS = YES_ERROR;
				CLANG_WARN_QUOTED_INCLUDE_IN_FRAMEWORK_HEADER = YES;
				CLANG_WARN_RANGE_LOOP_ANALYSIS = YES;
				CLANG_WARN_STRICT_PROTOTYPES = YES;
				CLANG_WARN_SUSPICIOUS_MOVE = YES;
				CLANG_WARN_UNGUARDED_AVAILABILITY = YES_AGGRESSIVE;
				CLANG_WARN_UNREACHABLE_CODE = YES;
				CLANG_WARN__DUPLICATE_METHOD_MATCH = YES;
				CODE_SIGN_STYLE = Automatic;
				COPY_PHASE_STRIP = NO;
				CURRENT_PROJECT_VERSION = 1;
				DEBUG_INFORMATION_FORMAT = "dwarf-with-dsym";
				DEFINES_MODULE = YES;
				DEVELOPMENT_TEAM = NR8DLKJ7E6;
				DYLIB_COMPATIBILITY_VERSION = 1;
				DYLIB_CURRENT_VERSION = 1;
				DYLIB_INSTALL_NAME_BASE = "@rpath";
				ENABLE_NS_ASSERTIONS = NO;
				ENABLE_STRICT_OBJC_MSGSEND = YES;
				GCC_C_LANGUAGE_STANDARD = gnu11;
				GCC_NO_COMMON_BLOCKS = YES;
				GCC_WARN_64_TO_32_BIT_CONVERSION = YES;
				GCC_WARN_ABOUT_RETURN_TYPE = YES_ERROR;
				GCC_WARN_UNDECLARED_SELECTOR = YES;
				GCC_WARN_UNINITIALIZED_AUTOS = YES_AGGRESSIVE;
				GCC_WARN_UNUSED_FUNCTION = YES;
				GCC_WARN_UNUSED_VARIABLE = YES;
				GENERATE_INFOPLIST_FILE = YES;
				INFOPLIST_KEY_NSHumanReadableCopyright = "";
				INSTALL_PATH = "$(LOCAL_LIBRARY_DIR)/Frameworks";
				IPHONEOS_DEPLOYMENT_TARGET = 15.2;
				LD_RUNPATH_SEARCH_PATHS = (
					"$(inherited)",
					"@executable_path/Frameworks",
					"@loader_path/Frameworks",
				);
				MARKETING_VERSION = 1.0;
				MTL_ENABLE_DEBUG_INFO = NO;
				MTL_FAST_MATH = YES;
				PRODUCT_BUNDLE_IDENTIFIER = com.github.kean.GeneratedPackages;
				PRODUCT_NAME = "$(TARGET_NAME:c99extidentifier)";
				SDKROOT = iphoneos;
				SKIP_INSTALL = YES;
				SWIFT_COMPILATION_MODE = wholemodule;
				SWIFT_EMIT_LOC_STRINGS = YES;
				SWIFT_OPTIMIZATION_LEVEL = "-O";
				SWIFT_VERSION = 5.0;
				TARGETED_DEVICE_FAMILY = "1,2";
				VALIDATE_PRODUCT = YES;
				VERSIONING_SYSTEM = "apple-generic";
				VERSION_INFO_PREFIX = "";
			};
			name = Release;
		};
/* End XCBuildConfiguration section */

/* Begin XCConfigurationList section */
		0C612D712777AFD5008D32A4 /* Build configuration list for PBXProject "GeneratedPackages" */ = {
			isa = XCConfigurationList;
			buildConfigurations = (
				0C612D722777AFD5008D32A4 /* Debug */,
				0C612D732777AFD5008D32A4 /* Release */,
			);
			defaultConfigurationIsVisible = 0;
			defaultConfigurationName = Release;
		};
		0C612E642777B55A008D32A4 /* Build configuration list for PBXNativeTarget "GeneratedPackages" */ = {
			isa = XCConfigurationList;
			buildConfigurations = (
				0C612E652777B55A008D32A4 /* Debug */,
				0C612E662777B55A008D32A4 /* Release */,
			);
			defaultConfigurationIsVisible = 0;
			defaultConfigurationName = Release;
		};
/* End XCConfigurationList section */

/* Begin XCSwiftPackageProductDependency section */
		533CE9BB285396420074A659 /* inlining-default */ = {
			isa = XCSwiftPackageProductDependency;
			productName = "inlining-default";
		};
		5353B58727FE1E260000D490 /* cookpad */ = {
			isa = XCSwiftPackageProductDependency;
			productName = cookpad;
		};
		5353B58927FE1E260000D490 /* discriminator */ = {
			isa = XCSwiftPackageProductDependency;
			productName = discriminator;
		};
		5353B58B27FE1E260000D490 /* edgecases-change-access-control */ = {
			isa = XCSwiftPackageProductDependency;
			productName = "edgecases-change-access-control";
		};
		5353B58D27FE1E260000D490 /* edgecases-coding-keys */ = {
			isa = XCSwiftPackageProductDependency;
			productName = "edgecases-coding-keys";
		};
		5353B58F27FE1E260000D490 /* edgecases-default */ = {
			isa = XCSwiftPackageProductDependency;
			productName = "edgecases-default";
		};
		5353B59127FE1E260000D490 /* edgecases-disable-acronyms */ = {
			isa = XCSwiftPackageProductDependency;
			productName = "edgecases-disable-acronyms";
		};
		5353B59327FE1E260000D490 /* edgecases-disable-enums */ = {
			isa = XCSwiftPackageProductDependency;
			productName = "edgecases-disable-enums";
		};
		5353B59527FE1E260000D490 /* edgecases-indent-with-two-width-spaces */ = {
			isa = XCSwiftPackageProductDependency;
			productName = "edgecases-indent-with-two-width-spaces";
		};
		5353B59727FE1E260000D490 /* edgecases-int32-int64 */ = {
			isa = XCSwiftPackageProductDependency;
			productName = "edgecases-int32-int64";
		};
		5353B59927FE1E260000D490 /* edgecases-rename */ = {
			isa = XCSwiftPackageProductDependency;
			productName = "edgecases-rename";
		};
		5353B59B27FE1E260000D490 /* edgecases-rename-properties */ = {
			isa = XCSwiftPackageProductDependency;
			productName = "edgecases-rename-properties";
		};
		5353B59D27FE1E260000D490 /* edgecases-tabs */ = {
			isa = XCSwiftPackageProductDependency;
			productName = "edgecases-tabs";
		};
		5353B59F27FE1E260000D490 /* edgecases-yaml-config */ = {
			isa = XCSwiftPackageProductDependency;
			productName = "edgecases-yaml-config";
		};
		5353B5A127FE1E260000D490 /* OctoKit */ = {
			isa = XCSwiftPackageProductDependency;
			productName = OctoKit;
		};
		5353B5A327FE1E260000D490 /* petstore-base-class */ = {
			isa = XCSwiftPackageProductDependency;
			productName = "petstore-base-class";
		};
		5353B5A527FE1E260000D490 /* petstore-change-entityname */ = {
			isa = XCSwiftPackageProductDependency;
			productName = "petstore-change-entityname";
		};
		5353B5A727FE1E260000D490 /* petstore-change-filename */ = {
			isa = XCSwiftPackageProductDependency;
			productName = "petstore-change-filename";
		};
		5353B5A927FE1E260000D490 /* petstore-change-namespace-when-operations-style */ = {
			isa = XCSwiftPackageProductDependency;
			productName = "petstore-change-namespace-when-operations-style";
		};
		5353B5AB27FE1E260000D490 /* petstore-change-namespace-when-rest-style */ = {
			isa = XCSwiftPackageProductDependency;
			productName = "petstore-change-namespace-when-rest-style";
		};
		5353B5AD27FE1E260000D490 /* petstore-custom-imports */ = {
			isa = XCSwiftPackageProductDependency;
			productName = "petstore-custom-imports";
		};
		5353B5AF27FE1E260000D490 /* petstore-default */ = {
			isa = XCSwiftPackageProductDependency;
			productName = "petstore-default";
		};
		5353B5B127FE1E260000D490 /* petstore-disable-comments */ = {
			isa = XCSwiftPackageProductDependency;
			productName = "petstore-disable-comments";
		};
		5353B5B327FE1E260000D490 /* petstore-disable-init-with-coder */ = {
			isa = XCSwiftPackageProductDependency;
			productName = "petstore-disable-init-with-coder";
		};
		5353B5B527FE1E260000D490 /* petstore-disable-inlining */ = {
			isa = XCSwiftPackageProductDependency;
			productName = "petstore-disable-inlining";
		};
		5353B5B727FE1E260000D490 /* petstore-disable-mutable-properties */ = {
			isa = XCSwiftPackageProductDependency;
			productName = "petstore-disable-mutable-properties";
		};
		5353B5B927FE1E260000D490 /* petstore-enable-mutable-properties */ = {
			isa = XCSwiftPackageProductDependency;
			productName = "petstore-enable-mutable-properties";
		};
		5353B5BB27FE1E260000D490 /* petstore-generate-classes */ = {
			isa = XCSwiftPackageProductDependency;
			productName = "petstore-generate-classes";
		};
		5353B5BD27FE1E270000D490 /* petstore-only-schemas */ = {
			isa = XCSwiftPackageProductDependency;
			productName = "petstore-only-schemas";
		};
		5353B5BF27FE1E270000D490 /* petstore-operation-id */ = {
			isa = XCSwiftPackageProductDependency;
			productName = "petstore-operation-id";
		};
		5353B5C127FE1E270000D490 /* petstore-single-threaded */ = {
			isa = XCSwiftPackageProductDependency;
			productName = "petstore-single-threaded";
		};
		5353B5C327FE1E270000D490 /* petstore-some-entities-as-classes */ = {
			isa = XCSwiftPackageProductDependency;
			productName = "petstore-some-entities-as-classes";
		};
		5353B5C527FE1E270000D490 /* petstore-some-entities-as-structs */ = {
			isa = XCSwiftPackageProductDependency;
			productName = "petstore-some-entities-as-structs";
		};
		5353B5C727FE1E270000D490 /* petstore-split */ = {
			isa = XCSwiftPackageProductDependency;
			productName = "petstore-split";
		};
		5353B5C927FE1E270000D490 /* strip-parent-name-nested-objects-default */ = {
			isa = XCSwiftPackageProductDependency;
			productName = "strip-parent-name-nested-objects-default";
		};
		5353B5CB27FE1E270000D490 /* strip-parent-name-nested-objects-enabled */ = {
			isa = XCSwiftPackageProductDependency;
			productName = "strip-parent-name-nested-objects-enabled";
		};
		5353B5CD27FE1E270000D490 /* test-query-parameters */ = {
			isa = XCSwiftPackageProductDependency;
			productName = "test-query-parameters";
		};
/* End XCSwiftPackageProductDependency section */
	};
	rootObject = 0C612D6E2777AFD5008D32A4 /* Project object */;
}
